// !$*UTF8*$!
{
	archiveVersion = 1;
	classes = {
	};
	objectVersion = 46;
	objects = {

/* Begin PBXBuildFile section */
		8310C2791DC73456005DD1B9 /* CreateFolderViewController.swift in Sources */ = {isa = PBXBuildFile; fileRef = 8310C2781DC73456005DD1B9 /* CreateFolderViewController.swift */; };
		831B9F591D992BD7003DAF42 /* DigiClient.swift in Sources */ = {isa = PBXBuildFile; fileRef = 831B9F581D992BD7003DAF42 /* DigiClient.swift */; };
		8321FC5B1D9568FE002D6413 /* ContentViewController.swift in Sources */ = {isa = PBXBuildFile; fileRef = 8321FC5A1D9568FE002D6413 /* ContentViewController.swift */; };
		832F146E1DBA76250047FBBE /* RenameViewController.swift in Sources */ = {isa = PBXBuildFile; fileRef = 832F146D1DBA76250047FBBE /* RenameViewController.swift */; };
		83419B2A1DCA077F0016215C /* AppSettings.swift in Sources */ = {isa = PBXBuildFile; fileRef = 83419B291DCA077F0016215C /* AppSettings.swift */; };
		835405FD1D94FCC300019D53 /* Protocols.swift in Sources */ = {isa = PBXBuildFile; fileRef = 835405FC1D94FCC300019D53 /* Protocols.swift */; };
		835406051D952FFD00019D53 /* Extensions.swift in Sources */ = {isa = PBXBuildFile; fileRef = 835406041D952FFD00019D53 /* Extensions.swift */; };
		83562CAC1DB8C19B006FF04A /* ActionViewController.swift in Sources */ = {isa = PBXBuildFile; fileRef = 83562CAB1DB8C19B006FF04A /* ActionViewController.swift */; };
		83562CAE1DB8D098006FF04A /* BaseListCell.swift in Sources */ = {isa = PBXBuildFile; fileRef = 83562CAD1DB8D098006FF04A /* BaseListCell.swift */; };
		837041161D8B1DED000EDBAE /* AppDelegate.swift in Sources */ = {isa = PBXBuildFile; fileRef = 837041151D8B1DED000EDBAE /* AppDelegate.swift */; };
		8370411D1D8B1DEE000EDBAE /* Assets.xcassets in Resources */ = {isa = PBXBuildFile; fileRef = 8370411C1D8B1DEE000EDBAE /* Assets.xcassets */; };
		837041201D8B1DEE000EDBAE /* LaunchScreen.storyboard in Resources */ = {isa = PBXBuildFile; fileRef = 8370411E1D8B1DEE000EDBAE /* LaunchScreen.storyboard */; };
		8370412D1D8B2264000EDBAE /* LoginViewController.swift in Sources */ = {isa = PBXBuildFile; fileRef = 8370412A1D8B2264000EDBAE /* LoginViewController.swift */; };
		8370412E1D8B2264000EDBAE /* LocationsTableViewController.swift in Sources */ = {isa = PBXBuildFile; fileRef = 8370412B1D8B2264000EDBAE /* LocationsTableViewController.swift */; };
		8373C1E31DA2F25E00A1BC45 /* LoginButton.swift in Sources */ = {isa = PBXBuildFile; fileRef = 8373C1E21DA2F25E00A1BC45 /* LoginButton.swift */; };
		837A0CD71DD38EE4009A3C2F /* ListingViewController+DeleteAlertViewControllerDelegate.swift in Sources */ = {isa = PBXBuildFile; fileRef = 837A0CD61DD38EE4009A3C2F /* ListingViewController+DeleteAlertViewControllerDelegate.swift */; };
		837A0CD91DD39AF0009A3C2F /* FolderInfoViewController+DeleteAlertViewControllerDelegate.swift in Sources */ = {isa = PBXBuildFile; fileRef = 837A0CD81DD39AF0009A3C2F /* FolderInfoViewController+DeleteAlertViewControllerDelegate.swift */; };
		839A22E31DC11BA400758730 /* DeleteViewController.swift in Sources */ = {isa = PBXBuildFile; fileRef = 839A22E21DC11BA400758730 /* DeleteViewController.swift */; };
		839BAE251D8BFD6500A43452 /* DigiConstants.swift in Sources */ = {isa = PBXBuildFile; fileRef = 839BAE241D8BFD6500A43452 /* DigiConstants.swift */; };
		83B2DAF31DB66219000955B7 /* MainNavigationController.swift in Sources */ = {isa = PBXBuildFile; fileRef = 83B2DAF21DB66219000955B7 /* MainNavigationController.swift */; };
		83CD0C661DE34C730078E5FC /* Logging.swift in Sources */ = {isa = PBXBuildFile; fileRef = 83CD0C651DE34C730078E5FC /* Logging.swift */; };
		83CDFA2B1DD0BF8300BC1F57 /* FolderInfoViewController.swift in Sources */ = {isa = PBXBuildFile; fileRef = 83CDFA2A1DD0BF8300BC1F57 /* FolderInfoViewController.swift */; };
		83D281011D9D747A00D74661 /* LoginField.swift in Sources */ = {isa = PBXBuildFile; fileRef = 83D281001D9D747A00D74661 /* LoginField.swift */; };
		83D5D8A41DDB1EC6001BB3AF /* CopyOrMoveViewController.swift in Sources */ = {isa = PBXBuildFile; fileRef = 83D5D8A31DDB1EC6001BB3AF /* CopyOrMoveViewController.swift */; };
		83DB658D1DDF12C900A53440 /* LocationCell.swift in Sources */ = {isa = PBXBuildFile; fileRef = 83DB658C1DDF12C900A53440 /* LocationCell.swift */; };
		83EBD0791D994F9500C80397 /* DigiClient+Convenience.swift in Sources */ = {isa = PBXBuildFile; fileRef = 83EBD0781D994F9500C80397 /* DigiClient+Convenience.swift */; };
		83EF1D481D8FBDDA00ACE008 /* Element.swift in Sources */ = {isa = PBXBuildFile; fileRef = 83EF1D471D8FBDDA00ACE008 /* Element.swift */; };
		83EF1D6A1D8FDB1900ACE008 /* ListingViewController.swift in Sources */ = {isa = PBXBuildFile; fileRef = 83EF1D691D8FDB1900ACE008 /* ListingViewController.swift */; };
		83EF1D6C1D8FE26400ACE008 /* Mount.swift in Sources */ = {isa = PBXBuildFile; fileRef = 83EF1D6B1D8FE26400ACE008 /* Mount.swift */; };
		83EF1D701D900F9700ACE008 /* FileCell.swift in Sources */ = {isa = PBXBuildFile; fileRef = 83EF1D6F1D900F9700ACE008 /* FileCell.swift */; };
		83EF1D721D900FA700ACE008 /* DirectoryCell.swift in Sources */ = {isa = PBXBuildFile; fileRef = 83EF1D711D900FA700ACE008 /* DirectoryCell.swift */; };
		83F994431DD08D650023FB5D /* ListingViewController+ActionViewControllerDelegate.swift in Sources */ = {isa = PBXBuildFile; fileRef = 83F994421DD08D650023FB5D /* ListingViewController+ActionViewControllerDelegate.swift */; };
		83F994451DD08E390023FB5D /* ListingViewController+BaseListCellDelegate.swift in Sources */ = {isa = PBXBuildFile; fileRef = 83F994441DD08E390023FB5D /* ListingViewController+BaseListCellDelegate.swift */; };
		83F994521DD09B340023FB5D /* SortFolderViewController.swift in Sources */ = {isa = PBXBuildFile; fileRef = 83F994511DD09B340023FB5D /* SortFolderViewController.swift */; };
		83F994541DD0A1E90023FB5D /* ActionCell.swift in Sources */ = {isa = PBXBuildFile; fileRef = 83F994531DD0A1E90023FB5D /* ActionCell.swift */; };
/* End PBXBuildFile section */

/* Begin PBXFileReference section */
		8310C2781DC73456005DD1B9 /* CreateFolderViewController.swift */ = {isa = PBXFileReference; fileEncoding = 4; lastKnownFileType = sourcecode.swift; path = CreateFolderViewController.swift; sourceTree = "<group>"; };
		831B9F581D992BD7003DAF42 /* DigiClient.swift */ = {isa = PBXFileReference; fileEncoding = 4; lastKnownFileType = sourcecode.swift; path = DigiClient.swift; sourceTree = "<group>"; };
		8321FC5A1D9568FE002D6413 /* ContentViewController.swift */ = {isa = PBXFileReference; fileEncoding = 4; lastKnownFileType = sourcecode.swift; path = ContentViewController.swift; sourceTree = "<group>"; };
		832F146D1DBA76250047FBBE /* RenameViewController.swift */ = {isa = PBXFileReference; fileEncoding = 4; lastKnownFileType = sourcecode.swift; path = RenameViewController.swift; sourceTree = "<group>"; };
		83419B291DCA077F0016215C /* AppSettings.swift */ = {isa = PBXFileReference; fileEncoding = 4; lastKnownFileType = sourcecode.swift; path = AppSettings.swift; sourceTree = "<group>"; };
		835405FC1D94FCC300019D53 /* Protocols.swift */ = {isa = PBXFileReference; fileEncoding = 4; lastKnownFileType = sourcecode.swift; path = Protocols.swift; sourceTree = "<group>"; };
		835406041D952FFD00019D53 /* Extensions.swift */ = {isa = PBXFileReference; fileEncoding = 4; lastKnownFileType = sourcecode.swift; path = Extensions.swift; sourceTree = "<group>"; };
		83562CAB1DB8C19B006FF04A /* ActionViewController.swift */ = {isa = PBXFileReference; fileEncoding = 4; lastKnownFileType = sourcecode.swift; path = ActionViewController.swift; sourceTree = "<group>"; };
		83562CAD1DB8D098006FF04A /* BaseListCell.swift */ = {isa = PBXFileReference; fileEncoding = 4; lastKnownFileType = sourcecode.swift; path = BaseListCell.swift; sourceTree = "<group>"; };
		837041121D8B1DED000EDBAE /* Digi Cloud.app */ = {isa = PBXFileReference; explicitFileType = wrapper.application; includeInIndex = 0; path = "Digi Cloud.app"; sourceTree = BUILT_PRODUCTS_DIR; };
		837041151D8B1DED000EDBAE /* AppDelegate.swift */ = {isa = PBXFileReference; lastKnownFileType = sourcecode.swift; path = AppDelegate.swift; sourceTree = "<group>"; };
		8370411C1D8B1DEE000EDBAE /* Assets.xcassets */ = {isa = PBXFileReference; lastKnownFileType = folder.assetcatalog; path = Assets.xcassets; sourceTree = "<group>"; };
		8370411F1D8B1DEE000EDBAE /* Base */ = {isa = PBXFileReference; lastKnownFileType = file.storyboard; name = Base; path = Base.lproj/LaunchScreen.storyboard; sourceTree = "<group>"; };
		837041211D8B1DEE000EDBAE /* Info.plist */ = {isa = PBXFileReference; lastKnownFileType = text.plist.xml; path = Info.plist; sourceTree = "<group>"; };
		8370412A1D8B2264000EDBAE /* LoginViewController.swift */ = {isa = PBXFileReference; fileEncoding = 4; lastKnownFileType = sourcecode.swift; path = LoginViewController.swift; sourceTree = "<group>"; };
		8370412B1D8B2264000EDBAE /* LocationsTableViewController.swift */ = {isa = PBXFileReference; fileEncoding = 4; lastKnownFileType = sourcecode.swift; lineEnding = 0; path = LocationsTableViewController.swift; sourceTree = "<group>"; xcLanguageSpecificationIdentifier = xcode.lang.swift; };
		8373C1E21DA2F25E00A1BC45 /* LoginButton.swift */ = {isa = PBXFileReference; fileEncoding = 4; lastKnownFileType = sourcecode.swift; path = LoginButton.swift; sourceTree = "<group>"; };
		837A0CD61DD38EE4009A3C2F /* ListingViewController+DeleteAlertViewControllerDelegate.swift */ = {isa = PBXFileReference; fileEncoding = 4; lastKnownFileType = sourcecode.swift; path = "ListingViewController+DeleteAlertViewControllerDelegate.swift"; sourceTree = "<group>"; };
		837A0CD81DD39AF0009A3C2F /* FolderInfoViewController+DeleteAlertViewControllerDelegate.swift */ = {isa = PBXFileReference; fileEncoding = 4; lastKnownFileType = sourcecode.swift; path = "FolderInfoViewController+DeleteAlertViewControllerDelegate.swift"; sourceTree = "<group>"; };
		839A22E21DC11BA400758730 /* DeleteViewController.swift */ = {isa = PBXFileReference; fileEncoding = 4; lastKnownFileType = sourcecode.swift; path = DeleteViewController.swift; sourceTree = "<group>"; };
		839BAE241D8BFD6500A43452 /* DigiConstants.swift */ = {isa = PBXFileReference; fileEncoding = 4; lastKnownFileType = sourcecode.swift; path = DigiConstants.swift; sourceTree = "<group>"; };
		83B2DAF21DB66219000955B7 /* MainNavigationController.swift */ = {isa = PBXFileReference; fileEncoding = 4; lastKnownFileType = sourcecode.swift; path = MainNavigationController.swift; sourceTree = "<group>"; };
		83CD0C651DE34C730078E5FC /* Logging.swift */ = {isa = PBXFileReference; fileEncoding = 4; lastKnownFileType = sourcecode.swift; path = Logging.swift; sourceTree = "<group>"; };
		83CDFA2A1DD0BF8300BC1F57 /* FolderInfoViewController.swift */ = {isa = PBXFileReference; fileEncoding = 4; lastKnownFileType = sourcecode.swift; path = FolderInfoViewController.swift; sourceTree = "<group>"; };
		83D281001D9D747A00D74661 /* LoginField.swift */ = {isa = PBXFileReference; fileEncoding = 4; lastKnownFileType = sourcecode.swift; path = LoginField.swift; sourceTree = "<group>"; };
		83D5D8A31DDB1EC6001BB3AF /* CopyOrMoveViewController.swift */ = {isa = PBXFileReference; fileEncoding = 4; lastKnownFileType = sourcecode.swift; path = CopyOrMoveViewController.swift; sourceTree = "<group>"; };
		83DB658C1DDF12C900A53440 /* LocationCell.swift */ = {isa = PBXFileReference; fileEncoding = 4; lastKnownFileType = sourcecode.swift; path = LocationCell.swift; sourceTree = "<group>"; };
		83EBD0781D994F9500C80397 /* DigiClient+Convenience.swift */ = {isa = PBXFileReference; fileEncoding = 4; lastKnownFileType = sourcecode.swift; path = "DigiClient+Convenience.swift"; sourceTree = "<group>"; };
		83EF1D471D8FBDDA00ACE008 /* Element.swift */ = {isa = PBXFileReference; fileEncoding = 4; lastKnownFileType = sourcecode.swift; lineEnding = 0; path = Element.swift; sourceTree = "<group>"; xcLanguageSpecificationIdentifier = xcode.lang.swift; };
		83EF1D691D8FDB1900ACE008 /* ListingViewController.swift */ = {isa = PBXFileReference; fileEncoding = 4; lastKnownFileType = sourcecode.swift; path = ListingViewController.swift; sourceTree = "<group>"; };
		83EF1D6B1D8FE26400ACE008 /* Mount.swift */ = {isa = PBXFileReference; fileEncoding = 4; lastKnownFileType = sourcecode.swift; path = Mount.swift; sourceTree = "<group>"; };
		83EF1D6F1D900F9700ACE008 /* FileCell.swift */ = {isa = PBXFileReference; fileEncoding = 4; lastKnownFileType = sourcecode.swift; path = FileCell.swift; sourceTree = "<group>"; };
		83EF1D711D900FA700ACE008 /* DirectoryCell.swift */ = {isa = PBXFileReference; fileEncoding = 4; lastKnownFileType = sourcecode.swift; path = DirectoryCell.swift; sourceTree = "<group>"; };
		83F994421DD08D650023FB5D /* ListingViewController+ActionViewControllerDelegate.swift */ = {isa = PBXFileReference; fileEncoding = 4; lastKnownFileType = sourcecode.swift; path = "ListingViewController+ActionViewControllerDelegate.swift"; sourceTree = "<group>"; };
		83F994441DD08E390023FB5D /* ListingViewController+BaseListCellDelegate.swift */ = {isa = PBXFileReference; fileEncoding = 4; lastKnownFileType = sourcecode.swift; path = "ListingViewController+BaseListCellDelegate.swift"; sourceTree = "<group>"; };
		83F994511DD09B340023FB5D /* SortFolderViewController.swift */ = {isa = PBXFileReference; fileEncoding = 4; lastKnownFileType = sourcecode.swift; path = SortFolderViewController.swift; sourceTree = "<group>"; };
		83F994531DD0A1E90023FB5D /* ActionCell.swift */ = {isa = PBXFileReference; fileEncoding = 4; lastKnownFileType = sourcecode.swift; path = ActionCell.swift; sourceTree = "<group>"; };
/* End PBXFileReference section */

/* Begin PBXFrameworksBuildPhase section */
		8370410F1D8B1DED000EDBAE /* Frameworks */ = {
			isa = PBXFrameworksBuildPhase;
			buildActionMask = 2147483647;
			files = (
			);
			runOnlyForDeploymentPostprocessing = 0;
		};
/* End PBXFrameworksBuildPhase section */

/* Begin PBXGroup section */
		835405FB1D94FCA900019D53 /* Protocols */ = {
			isa = PBXGroup;
			children = (
				835405FC1D94FCC300019D53 /* Protocols.swift */,
			);
			name = Protocols;
			sourceTree = "<group>";
		};
		835405FE1D95175E00019D53 /* Application Delegate */ = {
			isa = PBXGroup;
			children = (
				837041151D8B1DED000EDBAE /* AppDelegate.swift */,
			);
			name = "Application Delegate";
			sourceTree = "<group>";
		};
		835406001D9517AB00019D53 /* Supporting Files */ = {
			isa = PBXGroup;
			children = (
				83CD0C651DE34C730078E5FC /* Logging.swift */,
				837041211D8B1DEE000EDBAE /* Info.plist */,
			);
			name = "Supporting Files";
			sourceTree = "<group>";
		};
		835406011D9517BE00019D53 /* Resources */ = {
			isa = PBXGroup;
			children = (
				8370411E1D8B1DEE000EDBAE /* LaunchScreen.storyboard */,
				8370411C1D8B1DEE000EDBAE /* Assets.xcassets */,
			);
			name = Resources;
			sourceTree = "<group>";
		};
		835406021D95180F00019D53 /* Managers */ = {
			isa = PBXGroup;
			children = (
				83419B291DCA077F0016215C /* AppSettings.swift */,
				839BAE241D8BFD6500A43452 /* DigiConstants.swift */,
				831B9F581D992BD7003DAF42 /* DigiClient.swift */,
				83EBD0781D994F9500C80397 /* DigiClient+Convenience.swift */,
			);
			name = Managers;
			sourceTree = "<group>";
		};
		835406031D952FD900019D53 /* Extensions */ = {
			isa = PBXGroup;
			children = (
				835406041D952FFD00019D53 /* Extensions.swift */,
			);
			name = Extensions;
			sourceTree = "<group>";
		};
		837041091D8B1DED000EDBAE = {
			isa = PBXGroup;
			children = (
				837041141D8B1DED000EDBAE /* Digi Cloud */,
				837041131D8B1DED000EDBAE /* Products */,
			);
			sourceTree = "<group>";
		};
		837041131D8B1DED000EDBAE /* Products */ = {
			isa = PBXGroup;
			children = (
				837041121D8B1DED000EDBAE /* Digi Cloud.app */,
			);
			name = Products;
			sourceTree = "<group>";
		};
		837041141D8B1DED000EDBAE /* Digi Cloud */ = {
			isa = PBXGroup;
			children = (
				835405FE1D95175E00019D53 /* Application Delegate */,
				835406021D95180F00019D53 /* Managers */,
				83EF1D461D8FBDC400ACE008 /* Models */,
				83F994461DD092870023FB5D /* Views */,
				839BAE201D8BE00E00A43452 /* Controllers */,
				835406031D952FD900019D53 /* Extensions */,
				835405FB1D94FCA900019D53 /* Protocols */,
				835406011D9517BE00019D53 /* Resources */,
				835406001D9517AB00019D53 /* Supporting Files */,
			);
			path = "Digi Cloud";
			sourceTree = "<group>";
		};
		839BAE201D8BE00E00A43452 /* Controllers */ = {
			isa = PBXGroup;
			children = (
				83F994491DD093A00023FB5D /* Main */,
				83F994471DD093700023FB5D /* Login */,
				83F9944B1DD093C90023FB5D /* Listing */,
				83F9944E1DD094E20023FB5D /* Content */,
			);
			name = Controllers;
			sourceTree = "<group>";
		};
		83EF1D461D8FBDC400ACE008 /* Models */ = {
			isa = PBXGroup;
			children = (
				83EF1D471D8FBDDA00ACE008 /* Element.swift */,
				83EF1D6B1D8FE26400ACE008 /* Mount.swift */,
			);
			name = Models;
			sourceTree = "<group>";
		};
		83F994461DD092870023FB5D /* Views */ = {
			isa = PBXGroup;
			children = (
				8373C1E21DA2F25E00A1BC45 /* LoginButton.swift */,
				83D281001D9D747A00D74661 /* LoginField.swift */,
				83DB658C1DDF12C900A53440 /* LocationCell.swift */,
				83562CAD1DB8D098006FF04A /* BaseListCell.swift */,
				83EF1D6F1D900F9700ACE008 /* FileCell.swift */,
				83EF1D711D900FA700ACE008 /* DirectoryCell.swift */,
				83F994531DD0A1E90023FB5D /* ActionCell.swift */,
			);
			name = Views;
			sourceTree = "<group>";
		};
		83F994471DD093700023FB5D /* Login */ = {
			isa = PBXGroup;
			children = (
				8370412A1D8B2264000EDBAE /* LoginViewController.swift */,
			);
			name = Login;
			sourceTree = "<group>";
		};
		83F994491DD093A00023FB5D /* Main */ = {
			isa = PBXGroup;
			children = (
				83B2DAF21DB66219000955B7 /* MainNavigationController.swift */,
			);
			name = Main;
			sourceTree = "<group>";
		};
		83F9944B1DD093C90023FB5D /* Listing */ = {
			isa = PBXGroup;
			children = (
				83562CAB1DB8C19B006FF04A /* ActionViewController.swift */,
				8310C2781DC73456005DD1B9 /* CreateFolderViewController.swift */,
				839A22E21DC11BA400758730 /* DeleteViewController.swift */,
				83CDFA2A1DD0BF8300BC1F57 /* FolderInfoViewController.swift */,
				837A0CD81DD39AF0009A3C2F /* FolderInfoViewController+DeleteAlertViewControllerDelegate.swift */,
				83EF1D691D8FDB1900ACE008 /* ListingViewController.swift */,
				83F994421DD08D650023FB5D /* ListingViewController+ActionViewControllerDelegate.swift */,
				83F994441DD08E390023FB5D /* ListingViewController+BaseListCellDelegate.swift */,
				837A0CD61DD38EE4009A3C2F /* ListingViewController+DeleteAlertViewControllerDelegate.swift */,
				8370412B1D8B2264000EDBAE /* LocationsTableViewController.swift */,
				832F146D1DBA76250047FBBE /* RenameViewController.swift */,
				83D5D8A31DDB1EC6001BB3AF /* CopyOrMoveViewController.swift */,
				83F994511DD09B340023FB5D /* SortFolderViewController.swift */,
			);
			name = Listing;
			sourceTree = "<group>";
		};
		83F9944E1DD094E20023FB5D /* Content */ = {
			isa = PBXGroup;
			children = (
				8321FC5A1D9568FE002D6413 /* ContentViewController.swift */,
			);
			name = Content;
			sourceTree = "<group>";
		};
/* End PBXGroup section */

/* Begin PBXNativeTarget section */
		837041111D8B1DED000EDBAE /* Digi Cloud */ = {
			isa = PBXNativeTarget;
			buildConfigurationList = 837041241D8B1DEE000EDBAE /* Build configuration list for PBXNativeTarget "Digi Cloud" */;
			buildPhases = (
				8370410E1D8B1DED000EDBAE /* Sources */,
				8370410F1D8B1DED000EDBAE /* Frameworks */,
				837041101D8B1DED000EDBAE /* Resources */,
			);
			buildRules = (
			);
			dependencies = (
			);
			name = "Digi Cloud";
			productName = "Digi Cloud";
			productReference = 837041121D8B1DED000EDBAE /* Digi Cloud.app */;
			productType = "com.apple.product-type.application";
		};
/* End PBXNativeTarget section */

/* Begin PBXProject section */
		8370410A1D8B1DED000EDBAE /* Project object */ = {
			isa = PBXProject;
			attributes = {
				LastSwiftUpdateCheck = 0800;
				LastUpgradeCheck = 0810;
				ORGANIZATIONNAME = "Mihai Cristescu";
				TargetAttributes = {
					837041111D8B1DED000EDBAE = {
						CreatedOnToolsVersion = 8.0;
						DevelopmentTeam = S8V3V9GFN2;
						ProvisioningStyle = Automatic;
					};
				};
			};
			buildConfigurationList = 8370410D1D8B1DED000EDBAE /* Build configuration list for PBXProject "Digi Cloud" */;
			compatibilityVersion = "Xcode 3.2";
			developmentRegion = English;
			hasScannedForEncodings = 0;
			knownRegions = (
				en,
				Base,
			);
			mainGroup = 837041091D8B1DED000EDBAE;
			productRefGroup = 837041131D8B1DED000EDBAE /* Products */;
			projectDirPath = "";
			projectRoot = "";
			targets = (
				837041111D8B1DED000EDBAE /* Digi Cloud */,
			);
		};
/* End PBXProject section */

/* Begin PBXResourcesBuildPhase section */
		837041101D8B1DED000EDBAE /* Resources */ = {
			isa = PBXResourcesBuildPhase;
			buildActionMask = 2147483647;
			files = (
				837041201D8B1DEE000EDBAE /* LaunchScreen.storyboard in Resources */,
				8370411D1D8B1DEE000EDBAE /* Assets.xcassets in Resources */,
			);
			runOnlyForDeploymentPostprocessing = 0;
		};
/* End PBXResourcesBuildPhase section */

/* Begin PBXSourcesBuildPhase section */
		8370410E1D8B1DED000EDBAE /* Sources */ = {
			isa = PBXSourcesBuildPhase;
			buildActionMask = 2147483647;
			files = (
				8310C2791DC73456005DD1B9 /* CreateFolderViewController.swift in Sources */,
				8370412E1D8B2264000EDBAE /* LocationsTableViewController.swift in Sources */,
				83EF1D6C1D8FE26400ACE008 /* Mount.swift in Sources */,
				83B2DAF31DB66219000955B7 /* MainNavigationController.swift in Sources */,
				8373C1E31DA2F25E00A1BC45 /* LoginButton.swift in Sources */,
				8370412D1D8B2264000EDBAE /* LoginViewController.swift in Sources */,
				83DB658D1DDF12C900A53440 /* LocationCell.swift in Sources */,
				8321FC5B1D9568FE002D6413 /* ContentViewController.swift in Sources */,
				83F994431DD08D650023FB5D /* ListingViewController+ActionViewControllerDelegate.swift in Sources */,
				83CDFA2B1DD0BF8300BC1F57 /* FolderInfoViewController.swift in Sources */,
				83F994451DD08E390023FB5D /* ListingViewController+BaseListCellDelegate.swift in Sources */,
				83562CAC1DB8C19B006FF04A /* ActionViewController.swift in Sources */,
				83D281011D9D747A00D74661 /* LoginField.swift in Sources */,
				835405FD1D94FCC300019D53 /* Protocols.swift in Sources */,
				83EF1D701D900F9700ACE008 /* FileCell.swift in Sources */,
				83419B2A1DCA077F0016215C /* AppSettings.swift in Sources */,
				83EF1D721D900FA700ACE008 /* DirectoryCell.swift in Sources */,
				83562CAE1DB8D098006FF04A /* BaseListCell.swift in Sources */,
				83EF1D481D8FBDDA00ACE008 /* Element.swift in Sources */,
				835406051D952FFD00019D53 /* Extensions.swift in Sources */,
				83EF1D6A1D8FDB1900ACE008 /* ListingViewController.swift in Sources */,
				837A0CD71DD38EE4009A3C2F /* ListingViewController+DeleteAlertViewControllerDelegate.swift in Sources */,
				837041161D8B1DED000EDBAE /* AppDelegate.swift in Sources */,
				83D5D8A41DDB1EC6001BB3AF /* CopyOrMoveViewController.swift in Sources */,
				839A22E31DC11BA400758730 /* DeleteViewController.swift in Sources */,
				83CD0C661DE34C730078E5FC /* Logging.swift in Sources */,
				832F146E1DBA76250047FBBE /* RenameViewController.swift in Sources */,
				83F994521DD09B340023FB5D /* SortFolderViewController.swift in Sources */,
				83EBD0791D994F9500C80397 /* DigiClient+Convenience.swift in Sources */,
				83F994541DD0A1E90023FB5D /* ActionCell.swift in Sources */,
				831B9F591D992BD7003DAF42 /* DigiClient.swift in Sources */,
				839BAE251D8BFD6500A43452 /* DigiConstants.swift in Sources */,
				837A0CD91DD39AF0009A3C2F /* FolderInfoViewController+DeleteAlertViewControllerDelegate.swift in Sources */,
			);
			runOnlyForDeploymentPostprocessing = 0;
		};
/* End PBXSourcesBuildPhase section */

/* Begin PBXVariantGroup section */
		8370411E1D8B1DEE000EDBAE /* LaunchScreen.storyboard */ = {
			isa = PBXVariantGroup;
			children = (
				8370411F1D8B1DEE000EDBAE /* Base */,
			);
			name = LaunchScreen.storyboard;
			sourceTree = "<group>";
		};
/* End PBXVariantGroup section */

/* Begin XCBuildConfiguration section */
		837041221D8B1DEE000EDBAE /* Debug */ = {
			isa = XCBuildConfiguration;
			buildSettings = {
				ALWAYS_SEARCH_USER_PATHS = NO;
				CLANG_ANALYZER_NONNULL = YES;
				CLANG_CXX_LANGUAGE_STANDARD = "gnu++0x";
				CLANG_CXX_LIBRARY = "libc++";
				CLANG_ENABLE_MODULES = YES;
				CLANG_ENABLE_OBJC_ARC = YES;
				CLANG_WARN_BOOL_CONVERSION = YES;
				CLANG_WARN_CONSTANT_CONVERSION = YES;
				CLANG_WARN_DIRECT_OBJC_ISA_USAGE = YES_ERROR;
				CLANG_WARN_DOCUMENTATION_COMMENTS = YES;
				CLANG_WARN_EMPTY_BODY = YES;
				CLANG_WARN_ENUM_CONVERSION = YES;
				CLANG_WARN_INFINITE_RECURSION = YES;
				CLANG_WARN_INT_CONVERSION = YES;
				CLANG_WARN_OBJC_ROOT_CLASS = YES_ERROR;
				CLANG_WARN_SUSPICIOUS_MOVE = YES;
				CLANG_WARN_SUSPICIOUS_MOVES = YES;
				CLANG_WARN_UNREACHABLE_CODE = YES;
				CLANG_WARN__DUPLICATE_METHOD_MATCH = YES;
				"CODE_SIGN_IDENTITY[sdk=iphoneos*]" = "iPhone Developer";
				COPY_PHASE_STRIP = NO;
				DEBUG_INFORMATION_FORMAT = dwarf;
				ENABLE_STRICT_OBJC_MSGSEND = YES;
				ENABLE_TESTABILITY = YES;
				GCC_C_LANGUAGE_STANDARD = gnu99;
				GCC_DYNAMIC_NO_PIC = NO;
				GCC_NO_COMMON_BLOCKS = YES;
				GCC_OPTIMIZATION_LEVEL = 0;
				GCC_PREPROCESSOR_DEFINITIONS = (
					"DEBUG=1",
					"$(inherited)",
				);
				GCC_WARN_64_TO_32_BIT_CONVERSION = YES;
				GCC_WARN_ABOUT_RETURN_TYPE = YES_ERROR;
				GCC_WARN_UNDECLARED_SELECTOR = YES;
				GCC_WARN_UNINITIALIZED_AUTOS = YES_AGGRESSIVE;
				GCC_WARN_UNUSED_FUNCTION = YES;
				GCC_WARN_UNUSED_VARIABLE = YES;
				IPHONEOS_DEPLOYMENT_TARGET = 10.0;
				MTL_ENABLE_DEBUG_INFO = YES;
				ONLY_ACTIVE_ARCH = YES;
				SDKROOT = iphoneos;
				SWIFT_ACTIVE_COMPILATION_CONDITIONS = DEBUG;
				SWIFT_OPTIMIZATION_LEVEL = "-Onone";
				TARGETED_DEVICE_FAMILY = "1,2";
			};
			name = Debug;
		};
		837041231D8B1DEE000EDBAE /* Release */ = {
			isa = XCBuildConfiguration;
			buildSettings = {
				ALWAYS_SEARCH_USER_PATHS = NO;
				CLANG_ANALYZER_NONNULL = YES;
				CLANG_CXX_LANGUAGE_STANDARD = "gnu++0x";
				CLANG_CXX_LIBRARY = "libc++";
				CLANG_ENABLE_MODULES = YES;
				CLANG_ENABLE_OBJC_ARC = YES;
				CLANG_WARN_BOOL_CONVERSION = YES;
				CLANG_WARN_CONSTANT_CONVERSION = YES;
				CLANG_WARN_DIRECT_OBJC_ISA_USAGE = YES_ERROR;
				CLANG_WARN_DOCUMENTATION_COMMENTS = YES;
				CLANG_WARN_EMPTY_BODY = YES;
				CLANG_WARN_ENUM_CONVERSION = YES;
				CLANG_WARN_INFINITE_RECURSION = YES;
				CLANG_WARN_INT_CONVERSION = YES;
				CLANG_WARN_OBJC_ROOT_CLASS = YES_ERROR;
				CLANG_WARN_SUSPICIOUS_MOVE = YES;
				CLANG_WARN_SUSPICIOUS_MOVES = YES;
				CLANG_WARN_UNREACHABLE_CODE = YES;
				CLANG_WARN__DUPLICATE_METHOD_MATCH = YES;
				"CODE_SIGN_IDENTITY[sdk=iphoneos*]" = "iPhone Developer";
				COPY_PHASE_STRIP = NO;
				DEBUG_INFORMATION_FORMAT = "dwarf-with-dsym";
				ENABLE_NS_ASSERTIONS = NO;
				ENABLE_STRICT_OBJC_MSGSEND = YES;
				GCC_C_LANGUAGE_STANDARD = gnu99;
				GCC_NO_COMMON_BLOCKS = YES;
				GCC_WARN_64_TO_32_BIT_CONVERSION = YES;
				GCC_WARN_ABOUT_RETURN_TYPE = YES_ERROR;
				GCC_WARN_UNDECLARED_SELECTOR = YES;
				GCC_WARN_UNINITIALIZED_AUTOS = YES_AGGRESSIVE;
				GCC_WARN_UNUSED_FUNCTION = YES;
				GCC_WARN_UNUSED_VARIABLE = YES;
				IPHONEOS_DEPLOYMENT_TARGET = 10.0;
				MTL_ENABLE_DEBUG_INFO = NO;
				SDKROOT = iphoneos;
				SWIFT_OPTIMIZATION_LEVEL = "-Owholemodule";
				TARGETED_DEVICE_FAMILY = "1,2";
				VALIDATE_PRODUCT = YES;
			};
			name = Release;
		};
		837041251D8B1DEE000EDBAE /* Debug */ = {
			isa = XCBuildConfiguration;
			buildSettings = {
				ASSETCATALOG_COMPILER_APPICON_NAME = AppIcon;
				DEVELOPMENT_TEAM = S8V3V9GFN2;
				INFOPLIST_FILE = "Digi Cloud/Info.plist";
				LD_RUNPATH_SEARCH_PATHS = "$(inherited) @executable_path/Frameworks";
				PRODUCT_BUNDLE_IDENTIFIER = "com.mihaicris.Digi-Cloud";
				PRODUCT_NAME = "$(TARGET_NAME)";
				SWIFT_VERSION = 3.0;
				TARGETED_DEVICE_FAMILY = 2;
			};
			name = Debug;
		};
		837041261D8B1DEE000EDBAE /* Release */ = {
			isa = XCBuildConfiguration;
			buildSettings = {
				ASSETCATALOG_COMPILER_APPICON_NAME = AppIcon;
				DEVELOPMENT_TEAM = S8V3V9GFN2;
				INFOPLIST_FILE = "Digi Cloud/Info.plist";
				LD_RUNPATH_SEARCH_PATHS = "$(inherited) @executable_path/Frameworks";
				PRODUCT_BUNDLE_IDENTIFIER = "com.mihaicris.Digi-Cloud";
				PRODUCT_NAME = "$(TARGET_NAME)";
				SWIFT_VERSION = 3.0;
				TARGETED_DEVICE_FAMILY = 2;
			};
			name = Release;
		};
/* End XCBuildConfiguration section */

/* Begin XCConfigurationList section */
		8370410D1D8B1DED000EDBAE /* Build configuration list for PBXProject "Digi Cloud" */ = {
			isa = XCConfigurationList;
			buildConfigurations = (
				837041221D8B1DEE000EDBAE /* Debug */,
				837041231D8B1DEE000EDBAE /* Release */,
			);
			defaultConfigurationIsVisible = 0;
			defaultConfigurationName = Debug;
		};
		837041241D8B1DEE000EDBAE /* Build configuration list for PBXNativeTarget "Digi Cloud" */ = {
			isa = XCConfigurationList;
			buildConfigurations = (
				837041251D8B1DEE000EDBAE /* Debug */,
				837041261D8B1DEE000EDBAE /* Release */,
			);
			defaultConfigurationIsVisible = 0;
			defaultConfigurationName = Debug;
		};
/* End XCConfigurationList section */
	};
	rootObject = 8370410A1D8B1DED000EDBAE /* Project object */;
}
