// !$*UTF8*$!
{
	archiveVersion = 1;
	classes = {
	};
	objectVersion = 46;
	objects = {

/* Begin PBXBuildFile section */
		06519F2ED2100EC34DD3541D /* Pods_Digi_Cloud.framework in Frameworks */ = {isa = PBXBuildFile; fileRef = B27C67A95E07D2466A888367 /* Pods_Digi_Cloud.framework */; };
		5BBA29E184903433B3AC0218 /* Pods_Digi_Cloud_UITests.framework in Frameworks */ = {isa = PBXBuildFile; fileRef = 18EAE1D6E7A4E9E0A6D7608D /* Pods_Digi_Cloud_UITests.framework */; };
		837D55381FD0717700C018A2 /* AppDelegate.swift in Sources */ = {isa = PBXBuildFile; fileRef = 837D54E31FD0717700C018A2 /* AppDelegate.swift */; };
		837D55391FD0717700C018A2 /* AppSettings.swift in Sources */ = {isa = PBXBuildFile; fileRef = 837D54E51FD0717700C018A2 /* AppSettings.swift */; };
		837D553A1FD0717700C018A2 /* DigiClient.swift in Sources */ = {isa = PBXBuildFile; fileRef = 837D54E61FD0717700C018A2 /* DigiClient.swift */; };
		837D553B1FD0717700C018A2 /* Cache.swift in Sources */ = {isa = PBXBuildFile; fileRef = 837D54E71FD0717700C018A2 /* Cache.swift */; };
		837D553C1FD0717700C018A2 /* DigiConstants.swift in Sources */ = {isa = PBXBuildFile; fileRef = 837D54E81FD0717700C018A2 /* DigiConstants.swift */; };
		837D553D1FD0717700C018A2 /* Enums.swift in Sources */ = {isa = PBXBuildFile; fileRef = 837D54EA1FD0717700C018A2 /* Enums.swift */; };
		837D553E1FD0717700C018A2 /* Logging.swift in Sources */ = {isa = PBXBuildFile; fileRef = 837D54EC1FD0717700C018A2 /* Logging.swift */; };
		837D553F1FD0717700C018A2 /* Location.swift in Sources */ = {isa = PBXBuildFile; fileRef = 837D54EE1FD0717700C018A2 /* Location.swift */; };
		837D55401FD0717700C018A2 /* Permissions.swift in Sources */ = {isa = PBXBuildFile; fileRef = 837D54EF1FD0717700C018A2 /* Permissions.swift */; };
		837D55411FD0717700C018A2 /* Mount.swift in Sources */ = {isa = PBXBuildFile; fileRef = 837D54F01FD0717700C018A2 /* Mount.swift */; };
		837D55421FD0717700C018A2 /* User.swift in Sources */ = {isa = PBXBuildFile; fileRef = 837D54F11FD0717700C018A2 /* User.swift */; };
		837D55431FD0717700C018A2 /* RootMount.swift in Sources */ = {isa = PBXBuildFile; fileRef = 837D54F21FD0717700C018A2 /* RootMount.swift */; };
		837D55441FD0717700C018A2 /* Bookmark.swift in Sources */ = {isa = PBXBuildFile; fileRef = 837D54F31FD0717700C018A2 /* Bookmark.swift */; };
		837D55451FD0717700C018A2 /* NodeHit.swift in Sources */ = {isa = PBXBuildFile; fileRef = 837D54F41FD0717700C018A2 /* NodeHit.swift */; };
		837D55461FD0717700C018A2 /* DownloadLink.swift in Sources */ = {isa = PBXBuildFile; fileRef = 837D54F51FD0717700C018A2 /* DownloadLink.swift */; };
		837D55471FD0717700C018A2 /* Account.swift in Sources */ = {isa = PBXBuildFile; fileRef = 837D54F61FD0717700C018A2 /* Account.swift */; };
		837D55481FD0717700C018A2 /* UploadLink.swift in Sources */ = {isa = PBXBuildFile; fileRef = 837D54F71FD0717700C018A2 /* UploadLink.swift */; };
		837D55491FD0717700C018A2 /* Node.swift in Sources */ = {isa = PBXBuildFile; fileRef = 837D54F81FD0717700C018A2 /* Node.swift */; };
		837D554A1FD0717700C018A2 /* FolderInfo.swift in Sources */ = {isa = PBXBuildFile; fileRef = 837D54F91FD0717700C018A2 /* FolderInfo.swift */; };
		837D554B1FD0717700C018A2 /* SettingsViewController.swift in Sources */ = {isa = PBXBuildFile; fileRef = 837D54FC1FD0717700C018A2 /* SettingsViewController.swift */; };
		837D554D1FD0717700C018A2 /* ContentViewController.swift in Sources */ = {isa = PBXBuildFile; fileRef = 837D55001FD0717700C018A2 /* ContentViewController.swift */; };
		837D554E1FD0717700C018A2 /* SearchResultController.swift in Sources */ = {isa = PBXBuildFile; fileRef = 837D55021FD0717700C018A2 /* SearchResultController.swift */; };
		837D554F1FD0717700C018A2 /* ManageBookmarksViewController.swift in Sources */ = {isa = PBXBuildFile; fileRef = 837D55041FD0717700C018A2 /* ManageBookmarksViewController.swift */; };
		837D55501FD0717700C018A2 /* AccountSelectionViewController.swift in Sources */ = {isa = PBXBuildFile; fileRef = 837D55061FD0717700C018A2 /* AccountSelectionViewController.swift */; };
		837D55511FD0717700C018A2 /* ManageAccountsViewController.swift in Sources */ = {isa = PBXBuildFile; fileRef = 837D55071FD0717700C018A2 /* ManageAccountsViewController.swift */; };
		837D55521FD0717700C018A2 /* LoginViewController.swift in Sources */ = {isa = PBXBuildFile; fileRef = 837D55081FD0717700C018A2 /* LoginViewController.swift */; };
		837D55531FD0717700C018A2 /* ShareMountViewController.swift in Sources */ = {isa = PBXBuildFile; fileRef = 837D550A1FD0717700C018A2 /* ShareMountViewController.swift */; };
		837D55541FD0717700C018A2 /* RenameViewController.swift in Sources */ = {isa = PBXBuildFile; fileRef = 837D550B1FD0717700C018A2 /* RenameViewController.swift */; };
		837D55551FD0717700C018A2 /* FolderInfoViewController.swift in Sources */ = {isa = PBXBuildFile; fileRef = 837D550C1FD0717700C018A2 /* FolderInfoViewController.swift */; };
		837D55561FD0717700C018A2 /* NodeActionsViewController.swift in Sources */ = {isa = PBXBuildFile; fileRef = 837D550D1FD0717700C018A2 /* NodeActionsViewController.swift */; };
		837D55571FD0717700C018A2 /* DeleteViewController.swift in Sources */ = {isa = PBXBuildFile; fileRef = 837D550E1FD0717700C018A2 /* DeleteViewController.swift */; };
		837D55581FD0717700C018A2 /* AddMountUserViewController.swift in Sources */ = {isa = PBXBuildFile; fileRef = 837D550F1FD0717700C018A2 /* AddMountUserViewController.swift */; };
		837D55591FD0717700C018A2 /* ShareLinkViewController.swift in Sources */ = {isa = PBXBuildFile; fileRef = 837D55101FD0717700C018A2 /* ShareLinkViewController.swift */; };
		837D555A1FD0717700C018A2 /* MoreActionsViewController.swift in Sources */ = {isa = PBXBuildFile; fileRef = 837D55111FD0717700C018A2 /* MoreActionsViewController.swift */; };
		837D555B1FD0717700C018A2 /* CreateFolderViewController.swift in Sources */ = {isa = PBXBuildFile; fileRef = 837D55121FD0717700C018A2 /* CreateFolderViewController.swift */; };
		837D555C1FD0717700C018A2 /* SortFolderViewController.swift in Sources */ = {isa = PBXBuildFile; fileRef = 837D55131FD0717700C018A2 /* SortFolderViewController.swift */; };
		837D555D1FD0717700C018A2 /* LocationsViewController.swift in Sources */ = {isa = PBXBuildFile; fileRef = 837D55151FD0717700C018A2 /* LocationsViewController.swift */; };
		837D555E1FD0717700C018A2 /* ListingViewController.swift in Sources */ = {isa = PBXBuildFile; fileRef = 837D55161FD0717700C018A2 /* ListingViewController.swift */; };
		837D555F1FD0717700C018A2 /* FlowController.swift in Sources */ = {isa = PBXBuildFile; fileRef = 837D55171FD0717700C018A2 /* FlowController.swift */; };
		837D55601FD0717700C018A2 /* FileCell.swift in Sources */ = {isa = PBXBuildFile; fileRef = 837D55191FD0717700C018A2 /* FileCell.swift */; };
		837D55611FD0717700C018A2 /* CustomNavBar.swift in Sources */ = {isa = PBXBuildFile; fileRef = 837D551A1FD0717700C018A2 /* CustomNavBar.swift */; };
		837D55621FD0717700C018A2 /* SearchCell.swift in Sources */ = {isa = PBXBuildFile; fileRef = 837D551B1FD0717700C018A2 /* SearchCell.swift */; };
		837D55631FD0717700C018A2 /* UILabelWithPadding.swift in Sources */ = {isa = PBXBuildFile; fileRef = 837D551C1FD0717700C018A2 /* UILabelWithPadding.swift */; };
		837D55641FD0717700C018A2 /* AccountTableViewCell.swift in Sources */ = {isa = PBXBuildFile; fileRef = 837D551D1FD0717700C018A2 /* AccountTableViewCell.swift */; };
		837D55651FD0717700C018A2 /* LoginField.swift in Sources */ = {isa = PBXBuildFile; fileRef = 837D551E1FD0717700C018A2 /* LoginField.swift */; };
		837D55661FD0717700C018A2 /* FolderCell.swift in Sources */ = {isa = PBXBuildFile; fileRef = 837D551F1FD0717700C018A2 /* FolderCell.swift */; };
		837D55671FD0717700C018A2 /* LocationCell.swift in Sources */ = {isa = PBXBuildFile; fileRef = 837D55201FD0717700C018A2 /* LocationCell.swift */; };
		837D55681FD0717700C018A2 /* LoginButton.swift in Sources */ = {isa = PBXBuildFile; fileRef = 837D55211FD0717700C018A2 /* LoginButton.swift */; };
		837D55691FD0717700C018A2 /* BaseListCell.swift in Sources */ = {isa = PBXBuildFile; fileRef = 837D55221FD0717700C018A2 /* BaseListCell.swift */; };
		837D556A1FD0717700C018A2 /* BookmarkViewCell.swift in Sources */ = {isa = PBXBuildFile; fileRef = 837D55231FD0717700C018A2 /* BookmarkViewCell.swift */; };
		837D556B1FD0717700C018A2 /* MountUserCell.swift in Sources */ = {isa = PBXBuildFile; fileRef = 837D55241FD0717700C018A2 /* MountUserCell.swift */; };
		837D556C1FD0717700C018A2 /* RenameUtilitiesButton.swift in Sources */ = {isa = PBXBuildFile; fileRef = 837D55251FD0717700C018A2 /* RenameUtilitiesButton.swift */; };
		837D556D1FD0717700C018A2 /* URLHashTextField.swift in Sources */ = {isa = PBXBuildFile; fileRef = 837D55261FD0717700C018A2 /* URLHashTextField.swift */; };
		837D556E1FD0717700C018A2 /* AccountCollectionCell.swift in Sources */ = {isa = PBXBuildFile; fileRef = 837D55271FD0717700C018A2 /* AccountCollectionCell.swift */; };
		837D556F1FD0717700C018A2 /* MainNavigationController.swift in Sources */ = {isa = PBXBuildFile; fileRef = 837D55281FD0717700C018A2 /* MainNavigationController.swift */; };
		837D55701FD0717700C018A2 /* UserDefaults+DigiCloud.swift in Sources */ = {isa = PBXBuildFile; fileRef = 837D552A1FD0717700C018A2 /* UserDefaults+DigiCloud.swift */; };
		837D55711FD0717700C018A2 /* String+DigiCloud.swift in Sources */ = {isa = PBXBuildFile; fileRef = 837D552B1FD0717700C018A2 /* String+DigiCloud.swift */; };
		837D55721FD0717700C018A2 /* Collection+DigiCloud.swift in Sources */ = {isa = PBXBuildFile; fileRef = 837D552C1FD0717700C018A2 /* Collection+DigiCloud.swift */; };
		837D55731FD0717700C018A2 /* Date+DigiCloud.swift in Sources */ = {isa = PBXBuildFile; fileRef = 837D552D1FD0717700C018A2 /* Date+DigiCloud.swift */; };
		837D55741FD0717700C018A2 /* UIFont+DigiCloud.swift in Sources */ = {isa = PBXBuildFile; fileRef = 837D552E1FD0717700C018A2 /* UIFont+DigiCloud.swift */; };
		837D55751FD0717700C018A2 /* UIColor+DigiCloud.swift in Sources */ = {isa = PBXBuildFile; fileRef = 837D552F1FD0717700C018A2 /* UIColor+DigiCloud.swift */; };
		837D55761FD0717700C018A2 /* UIViewController+DigiCloud.swift in Sources */ = {isa = PBXBuildFile; fileRef = 837D55301FD0717700C018A2 /* UIViewController+DigiCloud.swift */; };
		837D55771FD0717700C018A2 /* FileManager+DigiCloud.swift in Sources */ = {isa = PBXBuildFile; fileRef = 837D55311FD0717700C018A2 /* FileManager+DigiCloud.swift */; };
		837D55781FD0717700C018A2 /* UIView+DigiCloud.swift in Sources */ = {isa = PBXBuildFile; fileRef = 837D55321FD0717700C018A2 /* UIView+DigiCloud.swift */; };
		837D55791FD0717700C018A2 /* Bundle+DigiCloud.swift in Sources */ = {isa = PBXBuildFile; fileRef = 837D55331FD0717700C018A2 /* Bundle+DigiCloud.swift */; };
		837D557A1FD0717700C018A2 /* Protocols.swift in Sources */ = {isa = PBXBuildFile; fileRef = 837D55371FD0717700C018A2 /* Protocols.swift */; };
		837D557E1FD0718700C018A2 /* SnapshotHelper.swift in Sources */ = {isa = PBXBuildFile; fileRef = 837D557C1FD0718700C018A2 /* SnapshotHelper.swift */; };
		837D557F1FD0718700C018A2 /* DigiCloudUITests.swift in Sources */ = {isa = PBXBuildFile; fileRef = 837D557D1FD0718700C018A2 /* DigiCloudUITests.swift */; };
		837D55951FD0769A00C018A2 /* Assets.xcassets in Resources */ = {isa = PBXBuildFile; fileRef = 837D55861FD0768400C018A2 /* Assets.xcassets */; };
		837D55961FD076A700C018A2 /* LaunchScreen.strings in Resources */ = {isa = PBXBuildFile; fileRef = 837D55881FD0768400C018A2 /* LaunchScreen.strings */; };
		837D55971FD076A700C018A2 /* LaunchScreen.storyboard in Resources */ = {isa = PBXBuildFile; fileRef = 837D558A1FD0768400C018A2 /* LaunchScreen.storyboard */; };
		837D55981FD076A700C018A2 /* Localizable.strings in Resources */ = {isa = PBXBuildFile; fileRef = 837D558F1FD0768400C018A2 /* Localizable.strings */; };
		837D55991FD076A700C018A2 /* InfoPlist.strings in Resources */ = {isa = PBXBuildFile; fileRef = 837D55911FD0768400C018A2 /* InfoPlist.strings */; };
		837D559A1FD076AE00C018A2 /* fontawesome-webfont.ttf in Resources */ = {isa = PBXBuildFile; fileRef = 837D55941FD0768400C018A2 /* fontawesome-webfont.ttf */; };
/* End PBXBuildFile section */

/* Begin PBXContainerItemProxy section */
		83F52F3B1F7CF5BF00E18A09 /* PBXContainerItemProxy */ = {
			isa = PBXContainerItemProxy;
			containerPortal = 8370410A1D8B1DED000EDBAE /* Project object */;
			proxyType = 1;
			remoteGlobalIDString = 837041111D8B1DED000EDBAE;
			remoteInfo = "Digi Cloud";
		};
/* End PBXContainerItemProxy section */

/* Begin PBXFileReference section */
		0196F525ED0451A6990CD69A /* Pods-Digi Cloud.debug viewcontrollers.xcconfig */ = {isa = PBXFileReference; includeInIndex = 1; lastKnownFileType = text.xcconfig; name = "Pods-Digi Cloud.debug viewcontrollers.xcconfig"; path = "Pods/Target Support Files/Pods-Digi Cloud/Pods-Digi Cloud.debug viewcontrollers.xcconfig"; sourceTree = "<group>"; };
		0CE508509239C3D68A9C710B /* Pods-Digi Cloud UITests.release.xcconfig */ = {isa = PBXFileReference; includeInIndex = 1; lastKnownFileType = text.xcconfig; name = "Pods-Digi Cloud UITests.release.xcconfig"; path = "Pods/Target Support Files/Pods-Digi Cloud UITests/Pods-Digi Cloud UITests.release.xcconfig"; sourceTree = "<group>"; };
		18EAE1D6E7A4E9E0A6D7608D /* Pods_Digi_Cloud_UITests.framework */ = {isa = PBXFileReference; explicitFileType = wrapper.framework; includeInIndex = 0; path = Pods_Digi_Cloud_UITests.framework; sourceTree = BUILT_PRODUCTS_DIR; };
		3C4AD24EEFB2CBD73727BDF9 /* Pods-Digi Cloud UITests.debug viewcontrollers.xcconfig */ = {isa = PBXFileReference; includeInIndex = 1; lastKnownFileType = text.xcconfig; name = "Pods-Digi Cloud UITests.debug viewcontrollers.xcconfig"; path = "Pods/Target Support Files/Pods-Digi Cloud UITests/Pods-Digi Cloud UITests.debug viewcontrollers.xcconfig"; sourceTree = "<group>"; };
		4482CB5EC88128FB7C25E95B /* Pods-Digi Cloud.release.xcconfig */ = {isa = PBXFileReference; includeInIndex = 1; lastKnownFileType = text.xcconfig; name = "Pods-Digi Cloud.release.xcconfig"; path = "Pods/Target Support Files/Pods-Digi Cloud/Pods-Digi Cloud.release.xcconfig"; sourceTree = "<group>"; };
		835982771E680EDC00AA18C9 /* DigiCloud.plist */ = {isa = PBXFileReference; fileEncoding = 4; lastKnownFileType = text.plist.xml; path = DigiCloud.plist; sourceTree = "<group>"; };
		837041121D8B1DED000EDBAE /* Digi Cloud.app */ = {isa = PBXFileReference; explicitFileType = wrapper.application; includeInIndex = 0; path = "Digi Cloud.app"; sourceTree = BUILT_PRODUCTS_DIR; };
		837D54DD1FD0702A00C018A2 /* DigiCloudUITests.plist */ = {isa = PBXFileReference; fileEncoding = 4; lastKnownFileType = text.plist.xml; path = DigiCloudUITests.plist; sourceTree = "<group>"; };
		837D54E31FD0717700C018A2 /* AppDelegate.swift */ = {isa = PBXFileReference; fileEncoding = 4; lastKnownFileType = sourcecode.swift; path = AppDelegate.swift; sourceTree = "<group>"; };
		837D54E51FD0717700C018A2 /* AppSettings.swift */ = {isa = PBXFileReference; fileEncoding = 4; lastKnownFileType = sourcecode.swift; path = AppSettings.swift; sourceTree = "<group>"; };
		837D54E61FD0717700C018A2 /* DigiClient.swift */ = {isa = PBXFileReference; fileEncoding = 4; lastKnownFileType = sourcecode.swift; path = DigiClient.swift; sourceTree = "<group>"; };
		837D54E71FD0717700C018A2 /* Cache.swift */ = {isa = PBXFileReference; fileEncoding = 4; lastKnownFileType = sourcecode.swift; path = Cache.swift; sourceTree = "<group>"; };
		837D54E81FD0717700C018A2 /* DigiConstants.swift */ = {isa = PBXFileReference; fileEncoding = 4; lastKnownFileType = sourcecode.swift; path = DigiConstants.swift; sourceTree = "<group>"; };
		837D54EA1FD0717700C018A2 /* Enums.swift */ = {isa = PBXFileReference; fileEncoding = 4; lastKnownFileType = sourcecode.swift; path = Enums.swift; sourceTree = "<group>"; };
		837D54EC1FD0717700C018A2 /* Logging.swift */ = {isa = PBXFileReference; fileEncoding = 4; lastKnownFileType = sourcecode.swift; path = Logging.swift; sourceTree = "<group>"; };
		837D54EE1FD0717700C018A2 /* Location.swift */ = {isa = PBXFileReference; fileEncoding = 4; lastKnownFileType = sourcecode.swift; path = Location.swift; sourceTree = "<group>"; };
		837D54EF1FD0717700C018A2 /* Permissions.swift */ = {isa = PBXFileReference; fileEncoding = 4; lastKnownFileType = sourcecode.swift; path = Permissions.swift; sourceTree = "<group>"; };
		837D54F01FD0717700C018A2 /* Mount.swift */ = {isa = PBXFileReference; fileEncoding = 4; lastKnownFileType = sourcecode.swift; path = Mount.swift; sourceTree = "<group>"; };
		837D54F11FD0717700C018A2 /* User.swift */ = {isa = PBXFileReference; fileEncoding = 4; lastKnownFileType = sourcecode.swift; path = User.swift; sourceTree = "<group>"; };
		837D54F21FD0717700C018A2 /* RootMount.swift */ = {isa = PBXFileReference; fileEncoding = 4; lastKnownFileType = sourcecode.swift; path = RootMount.swift; sourceTree = "<group>"; };
		837D54F31FD0717700C018A2 /* Bookmark.swift */ = {isa = PBXFileReference; fileEncoding = 4; lastKnownFileType = sourcecode.swift; path = Bookmark.swift; sourceTree = "<group>"; };
		837D54F41FD0717700C018A2 /* NodeHit.swift */ = {isa = PBXFileReference; fileEncoding = 4; lastKnownFileType = sourcecode.swift; path = NodeHit.swift; sourceTree = "<group>"; };
		837D54F51FD0717700C018A2 /* DownloadLink.swift */ = {isa = PBXFileReference; fileEncoding = 4; lastKnownFileType = sourcecode.swift; path = DownloadLink.swift; sourceTree = "<group>"; };
		837D54F61FD0717700C018A2 /* Account.swift */ = {isa = PBXFileReference; fileEncoding = 4; lastKnownFileType = sourcecode.swift; path = Account.swift; sourceTree = "<group>"; };
		837D54F71FD0717700C018A2 /* UploadLink.swift */ = {isa = PBXFileReference; fileEncoding = 4; lastKnownFileType = sourcecode.swift; path = UploadLink.swift; sourceTree = "<group>"; };
		837D54F81FD0717700C018A2 /* Node.swift */ = {isa = PBXFileReference; fileEncoding = 4; lastKnownFileType = sourcecode.swift; path = Node.swift; sourceTree = "<group>"; };
		837D54F91FD0717700C018A2 /* FolderInfo.swift */ = {isa = PBXFileReference; fileEncoding = 4; lastKnownFileType = sourcecode.swift; path = FolderInfo.swift; sourceTree = "<group>"; };
		837D54FC1FD0717700C018A2 /* SettingsViewController.swift */ = {isa = PBXFileReference; fileEncoding = 4; lastKnownFileType = sourcecode.swift; path = SettingsViewController.swift; sourceTree = "<group>"; };
		837D55001FD0717700C018A2 /* ContentViewController.swift */ = {isa = PBXFileReference; fileEncoding = 4; lastKnownFileType = sourcecode.swift; path = ContentViewController.swift; sourceTree = "<group>"; };
		837D55021FD0717700C018A2 /* SearchResultController.swift */ = {isa = PBXFileReference; fileEncoding = 4; lastKnownFileType = sourcecode.swift; path = SearchResultController.swift; sourceTree = "<group>"; };
		837D55041FD0717700C018A2 /* ManageBookmarksViewController.swift */ = {isa = PBXFileReference; fileEncoding = 4; lastKnownFileType = sourcecode.swift; path = ManageBookmarksViewController.swift; sourceTree = "<group>"; };
		837D55061FD0717700C018A2 /* AccountSelectionViewController.swift */ = {isa = PBXFileReference; fileEncoding = 4; lastKnownFileType = sourcecode.swift; path = AccountSelectionViewController.swift; sourceTree = "<group>"; };
		837D55071FD0717700C018A2 /* ManageAccountsViewController.swift */ = {isa = PBXFileReference; fileEncoding = 4; lastKnownFileType = sourcecode.swift; path = ManageAccountsViewController.swift; sourceTree = "<group>"; };
		837D55081FD0717700C018A2 /* LoginViewController.swift */ = {isa = PBXFileReference; fileEncoding = 4; lastKnownFileType = sourcecode.swift; path = LoginViewController.swift; sourceTree = "<group>"; };
		837D550A1FD0717700C018A2 /* ShareMountViewController.swift */ = {isa = PBXFileReference; fileEncoding = 4; lastKnownFileType = sourcecode.swift; path = ShareMountViewController.swift; sourceTree = "<group>"; };
		837D550B1FD0717700C018A2 /* RenameViewController.swift */ = {isa = PBXFileReference; fileEncoding = 4; lastKnownFileType = sourcecode.swift; path = RenameViewController.swift; sourceTree = "<group>"; };
		837D550C1FD0717700C018A2 /* FolderInfoViewController.swift */ = {isa = PBXFileReference; fileEncoding = 4; lastKnownFileType = sourcecode.swift; path = FolderInfoViewController.swift; sourceTree = "<group>"; };
		837D550D1FD0717700C018A2 /* NodeActionsViewController.swift */ = {isa = PBXFileReference; fileEncoding = 4; lastKnownFileType = sourcecode.swift; path = NodeActionsViewController.swift; sourceTree = "<group>"; };
		837D550E1FD0717700C018A2 /* DeleteViewController.swift */ = {isa = PBXFileReference; fileEncoding = 4; lastKnownFileType = sourcecode.swift; path = DeleteViewController.swift; sourceTree = "<group>"; };
		837D550F1FD0717700C018A2 /* AddMountUserViewController.swift */ = {isa = PBXFileReference; fileEncoding = 4; lastKnownFileType = sourcecode.swift; path = AddMountUserViewController.swift; sourceTree = "<group>"; };
		837D55101FD0717700C018A2 /* ShareLinkViewController.swift */ = {isa = PBXFileReference; fileEncoding = 4; lastKnownFileType = sourcecode.swift; path = ShareLinkViewController.swift; sourceTree = "<group>"; };
		837D55111FD0717700C018A2 /* MoreActionsViewController.swift */ = {isa = PBXFileReference; fileEncoding = 4; lastKnownFileType = sourcecode.swift; path = MoreActionsViewController.swift; sourceTree = "<group>"; };
		837D55121FD0717700C018A2 /* CreateFolderViewController.swift */ = {isa = PBXFileReference; fileEncoding = 4; lastKnownFileType = sourcecode.swift; path = CreateFolderViewController.swift; sourceTree = "<group>"; };
		837D55131FD0717700C018A2 /* SortFolderViewController.swift */ = {isa = PBXFileReference; fileEncoding = 4; lastKnownFileType = sourcecode.swift; path = SortFolderViewController.swift; sourceTree = "<group>"; };
		837D55151FD0717700C018A2 /* LocationsViewController.swift */ = {isa = PBXFileReference; fileEncoding = 4; lastKnownFileType = sourcecode.swift; path = LocationsViewController.swift; sourceTree = "<group>"; };
		837D55161FD0717700C018A2 /* ListingViewController.swift */ = {isa = PBXFileReference; fileEncoding = 4; lastKnownFileType = sourcecode.swift; path = ListingViewController.swift; sourceTree = "<group>"; };
		837D55171FD0717700C018A2 /* FlowController.swift */ = {isa = PBXFileReference; fileEncoding = 4; lastKnownFileType = sourcecode.swift; path = FlowController.swift; sourceTree = "<group>"; };
		837D55191FD0717700C018A2 /* FileCell.swift */ = {isa = PBXFileReference; fileEncoding = 4; lastKnownFileType = sourcecode.swift; path = FileCell.swift; sourceTree = "<group>"; };
		837D551A1FD0717700C018A2 /* CustomNavBar.swift */ = {isa = PBXFileReference; fileEncoding = 4; lastKnownFileType = sourcecode.swift; path = CustomNavBar.swift; sourceTree = "<group>"; };
		837D551B1FD0717700C018A2 /* SearchCell.swift */ = {isa = PBXFileReference; fileEncoding = 4; lastKnownFileType = sourcecode.swift; path = SearchCell.swift; sourceTree = "<group>"; };
		837D551C1FD0717700C018A2 /* UILabelWithPadding.swift */ = {isa = PBXFileReference; fileEncoding = 4; lastKnownFileType = sourcecode.swift; path = UILabelWithPadding.swift; sourceTree = "<group>"; };
		837D551D1FD0717700C018A2 /* AccountTableViewCell.swift */ = {isa = PBXFileReference; fileEncoding = 4; lastKnownFileType = sourcecode.swift; path = AccountTableViewCell.swift; sourceTree = "<group>"; };
		837D551E1FD0717700C018A2 /* LoginField.swift */ = {isa = PBXFileReference; fileEncoding = 4; lastKnownFileType = sourcecode.swift; path = LoginField.swift; sourceTree = "<group>"; };
		837D551F1FD0717700C018A2 /* FolderCell.swift */ = {isa = PBXFileReference; fileEncoding = 4; lastKnownFileType = sourcecode.swift; path = FolderCell.swift; sourceTree = "<group>"; };
		837D55201FD0717700C018A2 /* LocationCell.swift */ = {isa = PBXFileReference; fileEncoding = 4; lastKnownFileType = sourcecode.swift; path = LocationCell.swift; sourceTree = "<group>"; };
		837D55211FD0717700C018A2 /* LoginButton.swift */ = {isa = PBXFileReference; fileEncoding = 4; lastKnownFileType = sourcecode.swift; path = LoginButton.swift; sourceTree = "<group>"; };
		837D55221FD0717700C018A2 /* BaseListCell.swift */ = {isa = PBXFileReference; fileEncoding = 4; lastKnownFileType = sourcecode.swift; path = BaseListCell.swift; sourceTree = "<group>"; };
		837D55231FD0717700C018A2 /* BookmarkViewCell.swift */ = {isa = PBXFileReference; fileEncoding = 4; lastKnownFileType = sourcecode.swift; path = BookmarkViewCell.swift; sourceTree = "<group>"; };
		837D55241FD0717700C018A2 /* MountUserCell.swift */ = {isa = PBXFileReference; fileEncoding = 4; lastKnownFileType = sourcecode.swift; path = MountUserCell.swift; sourceTree = "<group>"; };
		837D55251FD0717700C018A2 /* RenameUtilitiesButton.swift */ = {isa = PBXFileReference; fileEncoding = 4; lastKnownFileType = sourcecode.swift; path = RenameUtilitiesButton.swift; sourceTree = "<group>"; };
		837D55261FD0717700C018A2 /* URLHashTextField.swift */ = {isa = PBXFileReference; fileEncoding = 4; lastKnownFileType = sourcecode.swift; path = URLHashTextField.swift; sourceTree = "<group>"; };
		837D55271FD0717700C018A2 /* AccountCollectionCell.swift */ = {isa = PBXFileReference; fileEncoding = 4; lastKnownFileType = sourcecode.swift; path = AccountCollectionCell.swift; sourceTree = "<group>"; };
		837D55281FD0717700C018A2 /* MainNavigationController.swift */ = {isa = PBXFileReference; fileEncoding = 4; lastKnownFileType = sourcecode.swift; path = MainNavigationController.swift; sourceTree = "<group>"; };
		837D552A1FD0717700C018A2 /* UserDefaults+DigiCloud.swift */ = {isa = PBXFileReference; fileEncoding = 4; lastKnownFileType = sourcecode.swift; path = "UserDefaults+DigiCloud.swift"; sourceTree = "<group>"; };
		837D552B1FD0717700C018A2 /* String+DigiCloud.swift */ = {isa = PBXFileReference; fileEncoding = 4; lastKnownFileType = sourcecode.swift; path = "String+DigiCloud.swift"; sourceTree = "<group>"; };
		837D552C1FD0717700C018A2 /* Collection+DigiCloud.swift */ = {isa = PBXFileReference; fileEncoding = 4; lastKnownFileType = sourcecode.swift; path = "Collection+DigiCloud.swift"; sourceTree = "<group>"; };
		837D552D1FD0717700C018A2 /* Date+DigiCloud.swift */ = {isa = PBXFileReference; fileEncoding = 4; lastKnownFileType = sourcecode.swift; path = "Date+DigiCloud.swift"; sourceTree = "<group>"; };
		837D552E1FD0717700C018A2 /* UIFont+DigiCloud.swift */ = {isa = PBXFileReference; fileEncoding = 4; lastKnownFileType = sourcecode.swift; path = "UIFont+DigiCloud.swift"; sourceTree = "<group>"; };
		837D552F1FD0717700C018A2 /* UIColor+DigiCloud.swift */ = {isa = PBXFileReference; fileEncoding = 4; lastKnownFileType = sourcecode.swift; path = "UIColor+DigiCloud.swift"; sourceTree = "<group>"; };
		837D55301FD0717700C018A2 /* UIViewController+DigiCloud.swift */ = {isa = PBXFileReference; fileEncoding = 4; lastKnownFileType = sourcecode.swift; path = "UIViewController+DigiCloud.swift"; sourceTree = "<group>"; };
		837D55311FD0717700C018A2 /* FileManager+DigiCloud.swift */ = {isa = PBXFileReference; fileEncoding = 4; lastKnownFileType = sourcecode.swift; path = "FileManager+DigiCloud.swift"; sourceTree = "<group>"; };
		837D55321FD0717700C018A2 /* UIView+DigiCloud.swift */ = {isa = PBXFileReference; fileEncoding = 4; lastKnownFileType = sourcecode.swift; path = "UIView+DigiCloud.swift"; sourceTree = "<group>"; };
		837D55331FD0717700C018A2 /* Bundle+DigiCloud.swift */ = {isa = PBXFileReference; fileEncoding = 4; lastKnownFileType = sourcecode.swift; path = "Bundle+DigiCloud.swift"; sourceTree = "<group>"; };
		837D55351FD0717700C018A2 /* Digi Cloud-Bridging-Header.h */ = {isa = PBXFileReference; fileEncoding = 4; lastKnownFileType = sourcecode.c.h; path = "Digi Cloud-Bridging-Header.h"; sourceTree = "<group>"; };
		837D55371FD0717700C018A2 /* Protocols.swift */ = {isa = PBXFileReference; fileEncoding = 4; lastKnownFileType = sourcecode.swift; path = Protocols.swift; sourceTree = "<group>"; };
		837D557C1FD0718700C018A2 /* SnapshotHelper.swift */ = {isa = PBXFileReference; fileEncoding = 4; lastKnownFileType = sourcecode.swift; path = SnapshotHelper.swift; sourceTree = "<group>"; };
		837D557D1FD0718700C018A2 /* DigiCloudUITests.swift */ = {isa = PBXFileReference; fileEncoding = 4; lastKnownFileType = sourcecode.swift; path = DigiCloudUITests.swift; sourceTree = "<group>"; };
		837D55861FD0768400C018A2 /* Assets.xcassets */ = {isa = PBXFileReference; lastKnownFileType = folder.assetcatalog; path = Assets.xcassets; sourceTree = "<group>"; };
		837D55891FD0768400C018A2 /* de */ = {isa = PBXFileReference; lastKnownFileType = text.plist.strings; name = de; path = de.lproj/LaunchScreen.strings; sourceTree = "<group>"; };
		837D558B1FD0768400C018A2 /* Base */ = {isa = PBXFileReference; lastKnownFileType = file.storyboard; name = Base; path = Base.lproj/LaunchScreen.storyboard; sourceTree = "<group>"; };
		837D558C1FD0768400C018A2 /* hu */ = {isa = PBXFileReference; lastKnownFileType = text.plist.strings; name = hu; path = hu.lproj/LaunchScreen.strings; sourceTree = "<group>"; };
		837D558D1FD0768400C018A2 /* fr */ = {isa = PBXFileReference; lastKnownFileType = text.plist.strings; name = fr; path = fr.lproj/LaunchScreen.strings; sourceTree = "<group>"; };
		837D558E1FD0768400C018A2 /* ro */ = {isa = PBXFileReference; lastKnownFileType = text.plist.strings; name = ro; path = ro.lproj/LaunchScreen.strings; sourceTree = "<group>"; };
		837D55901FD0768400C018A2 /* ro */ = {isa = PBXFileReference; lastKnownFileType = text.plist.strings; name = ro; path = ro.lproj/Localizable.strings; sourceTree = "<group>"; };
		837D55921FD0768400C018A2 /* ro */ = {isa = PBXFileReference; lastKnownFileType = text.plist.strings; name = ro; path = ro.lproj/InfoPlist.strings; sourceTree = "<group>"; };
		837D55941FD0768400C018A2 /* fontawesome-webfont.ttf */ = {isa = PBXFileReference; lastKnownFileType = file; path = "fontawesome-webfont.ttf"; sourceTree = "<group>"; };
		83F52F361F7CF5BF00E18A09 /* Digi Cloud UITests.xctest */ = {isa = PBXFileReference; explicitFileType = wrapper.cfbundle; includeInIndex = 0; path = "Digi Cloud UITests.xctest"; sourceTree = BUILT_PRODUCTS_DIR; };
		94FCF6A671256A45CA0D00E4 /* Pods-Digi Cloud UITests.debug compile time.xcconfig */ = {isa = PBXFileReference; includeInIndex = 1; lastKnownFileType = text.xcconfig; name = "Pods-Digi Cloud UITests.debug compile time.xcconfig"; path = "Pods/Target Support Files/Pods-Digi Cloud UITests/Pods-Digi Cloud UITests.debug compile time.xcconfig"; sourceTree = "<group>"; };
		AC5DC6EA5177031CE35BC3D8 /* Pods-Digi Cloud.debug.xcconfig */ = {isa = PBXFileReference; includeInIndex = 1; lastKnownFileType = text.xcconfig; name = "Pods-Digi Cloud.debug.xcconfig"; path = "Pods/Target Support Files/Pods-Digi Cloud/Pods-Digi Cloud.debug.xcconfig"; sourceTree = "<group>"; };
		B27C67A95E07D2466A888367 /* Pods_Digi_Cloud.framework */ = {isa = PBXFileReference; explicitFileType = wrapper.framework; includeInIndex = 0; path = Pods_Digi_Cloud.framework; sourceTree = BUILT_PRODUCTS_DIR; };
		B339F5052F54F024A3F8C8E7 /* Pods-Digi Cloud UITests.debug.xcconfig */ = {isa = PBXFileReference; includeInIndex = 1; lastKnownFileType = text.xcconfig; name = "Pods-Digi Cloud UITests.debug.xcconfig"; path = "Pods/Target Support Files/Pods-Digi Cloud UITests/Pods-Digi Cloud UITests.debug.xcconfig"; sourceTree = "<group>"; };
		B61E9D01BF3B8EF343FAEEA4 /* Pods-Digi Cloud.debug compile time.xcconfig */ = {isa = PBXFileReference; includeInIndex = 1; lastKnownFileType = text.xcconfig; name = "Pods-Digi Cloud.debug compile time.xcconfig"; path = "Pods/Target Support Files/Pods-Digi Cloud/Pods-Digi Cloud.debug compile time.xcconfig"; sourceTree = "<group>"; };
/* End PBXFileReference section */

/* Begin PBXFrameworksBuildPhase section */
		8370410F1D8B1DED000EDBAE /* Frameworks */ = {
			isa = PBXFrameworksBuildPhase;
			buildActionMask = 2147483647;
			files = (
				06519F2ED2100EC34DD3541D /* Pods_Digi_Cloud.framework in Frameworks */,
			);
			runOnlyForDeploymentPostprocessing = 0;
		};
		83F52F331F7CF5BF00E18A09 /* Frameworks */ = {
			isa = PBXFrameworksBuildPhase;
			buildActionMask = 2147483647;
			files = (
				5BBA29E184903433B3AC0218 /* Pods_Digi_Cloud_UITests.framework in Frameworks */,
			);
			runOnlyForDeploymentPostprocessing = 0;
		};
/* End PBXFrameworksBuildPhase section */

/* Begin PBXGroup section */
		54F9DD8A17015D44F32C2A84 /* Frameworks */ = {
			isa = PBXGroup;
			children = (
				B27C67A95E07D2466A888367 /* Pods_Digi_Cloud.framework */,
				18EAE1D6E7A4E9E0A6D7608D /* Pods_Digi_Cloud_UITests.framework */,
			);
			name = Frameworks;
			sourceTree = "<group>";
		};
		837041091D8B1DED000EDBAE = {
			isa = PBXGroup;
			children = (
				83FA70971FD06B0F004D654E /* Config */,
				837D54E11FD0717700C018A2 /* Digi Cloud */,
				837D557B1FD0718700C018A2 /* Digi Cloud UITests */,
				837D55851FD0768400C018A2 /* Resources */,
				837041131D8B1DED000EDBAE /* Products */,
				EE2BA4C88BDEBF31796F1D84 /* Pods */,
				54F9DD8A17015D44F32C2A84 /* Frameworks */,
			);
			sourceTree = "<group>";
		};
		837041131D8B1DED000EDBAE /* Products */ = {
			isa = PBXGroup;
			children = (
				837041121D8B1DED000EDBAE /* Digi Cloud.app */,
				83F52F361F7CF5BF00E18A09 /* Digi Cloud UITests.xctest */,
			);
			name = Products;
			sourceTree = "<group>";
		};
		837D54E11FD0717700C018A2 /* Digi Cloud */ = {
			isa = PBXGroup;
			children = (
				837D54E21FD0717700C018A2 /* App Delegate */,
				837D54E41FD0717700C018A2 /* Managers */,
				837D54E91FD0717700C018A2 /* Enums */,
				837D54EB1FD0717700C018A2 /* Utils */,
				837D54ED1FD0717700C018A2 /* Models */,
				837D54FA1FD0717700C018A2 /* Controller */,
				837D55291FD0717700C018A2 /* Extensions */,
				837D55341FD0717700C018A2 /* Supporting Files */,
				837D55361FD0717700C018A2 /* Protocols */,
			);
			path = "Digi Cloud";
			sourceTree = "<group>";
		};
		837D54E21FD0717700C018A2 /* App Delegate */ = {
			isa = PBXGroup;
			children = (
				837D54E31FD0717700C018A2 /* AppDelegate.swift */,
			);
			path = "App Delegate";
			sourceTree = "<group>";
		};
		837D54E41FD0717700C018A2 /* Managers */ = {
			isa = PBXGroup;
			children = (
				837D54E51FD0717700C018A2 /* AppSettings.swift */,
				837D54E61FD0717700C018A2 /* DigiClient.swift */,
				837D54E71FD0717700C018A2 /* Cache.swift */,
				837D54E81FD0717700C018A2 /* DigiConstants.swift */,
			);
			path = Managers;
			sourceTree = "<group>";
		};
		837D54E91FD0717700C018A2 /* Enums */ = {
			isa = PBXGroup;
			children = (
				837D54EA1FD0717700C018A2 /* Enums.swift */,
			);
			path = Enums;
			sourceTree = "<group>";
		};
		837D54EB1FD0717700C018A2 /* Utils */ = {
			isa = PBXGroup;
			children = (
				837D54EC1FD0717700C018A2 /* Logging.swift */,
			);
			path = Utils;
			sourceTree = "<group>";
		};
		837D54ED1FD0717700C018A2 /* Models */ = {
			isa = PBXGroup;
			children = (
				837D54EE1FD0717700C018A2 /* Location.swift */,
				837D54EF1FD0717700C018A2 /* Permissions.swift */,
				837D54F01FD0717700C018A2 /* Mount.swift */,
				837D54F11FD0717700C018A2 /* User.swift */,
				837D54F21FD0717700C018A2 /* RootMount.swift */,
				837D54F31FD0717700C018A2 /* Bookmark.swift */,
				837D54F41FD0717700C018A2 /* NodeHit.swift */,
				837D54F51FD0717700C018A2 /* DownloadLink.swift */,
				837D54F61FD0717700C018A2 /* Account.swift */,
				837D54F71FD0717700C018A2 /* UploadLink.swift */,
				837D54F81FD0717700C018A2 /* Node.swift */,
				837D54F91FD0717700C018A2 /* FolderInfo.swift */,
			);
			path = Models;
			sourceTree = "<group>";
		};
		837D54FA1FD0717700C018A2 /* Controller */ = {
			isa = PBXGroup;
			children = (
				837D54FB1FD0717700C018A2 /* Settings */,
				837D54FF1FD0717700C018A2 /* ContentView */,
				837D55011FD0717700C018A2 /* Search */,
				837D55031FD0717700C018A2 /* Bookmarks */,
				837D55051FD0717700C018A2 /* Accounts */,
				837D55091FD0717700C018A2 /* Actions */,
				837D55141FD0717700C018A2 /* Listing */,
				837D55171FD0717700C018A2 /* FlowController.swift */,
				837D55181FD0717700C018A2 /* Views */,
				837D55281FD0717700C018A2 /* MainNavigationController.swift */,
			);
			path = Controller;
			sourceTree = "<group>";
		};
		837D54FB1FD0717700C018A2 /* Settings */ = {
			isa = PBXGroup;
			children = (
				837D54FC1FD0717700C018A2 /* SettingsViewController.swift */,
			);
			path = Settings;
			sourceTree = "<group>";
		};
		837D54FF1FD0717700C018A2 /* ContentView */ = {
			isa = PBXGroup;
			children = (
				837D55001FD0717700C018A2 /* ContentViewController.swift */,
			);
			path = ContentView;
			sourceTree = "<group>";
		};
		837D55011FD0717700C018A2 /* Search */ = {
			isa = PBXGroup;
			children = (
				837D55021FD0717700C018A2 /* SearchResultController.swift */,
			);
			path = Search;
			sourceTree = "<group>";
		};
		837D55031FD0717700C018A2 /* Bookmarks */ = {
			isa = PBXGroup;
			children = (
				837D55041FD0717700C018A2 /* ManageBookmarksViewController.swift */,
			);
			path = Bookmarks;
			sourceTree = "<group>";
		};
		837D55051FD0717700C018A2 /* Accounts */ = {
			isa = PBXGroup;
			children = (
				837D55061FD0717700C018A2 /* AccountSelectionViewController.swift */,
				837D55071FD0717700C018A2 /* ManageAccountsViewController.swift */,
				837D55081FD0717700C018A2 /* LoginViewController.swift */,
			);
			path = Accounts;
			sourceTree = "<group>";
		};
		837D55091FD0717700C018A2 /* Actions */ = {
			isa = PBXGroup;
			children = (
				837D550A1FD0717700C018A2 /* ShareMountViewController.swift */,
				837D550B1FD0717700C018A2 /* RenameViewController.swift */,
				837D550C1FD0717700C018A2 /* FolderInfoViewController.swift */,
				837D550D1FD0717700C018A2 /* NodeActionsViewController.swift */,
				837D550E1FD0717700C018A2 /* DeleteViewController.swift */,
				837D550F1FD0717700C018A2 /* AddMountUserViewController.swift */,
				837D55101FD0717700C018A2 /* ShareLinkViewController.swift */,
				837D55111FD0717700C018A2 /* MoreActionsViewController.swift */,
				837D55121FD0717700C018A2 /* CreateFolderViewController.swift */,
				837D55131FD0717700C018A2 /* SortFolderViewController.swift */,
			);
			path = Actions;
			sourceTree = "<group>";
		};
		837D55141FD0717700C018A2 /* Listing */ = {
			isa = PBXGroup;
			children = (
				837D55151FD0717700C018A2 /* LocationsViewController.swift */,
				837D55161FD0717700C018A2 /* ListingViewController.swift */,
			);
			path = Listing;
			sourceTree = "<group>";
		};
		837D55181FD0717700C018A2 /* Views */ = {
			isa = PBXGroup;
			children = (
				837D55191FD0717700C018A2 /* FileCell.swift */,
				837D551A1FD0717700C018A2 /* CustomNavBar.swift */,
				837D551B1FD0717700C018A2 /* SearchCell.swift */,
				837D551C1FD0717700C018A2 /* UILabelWithPadding.swift */,
				837D551D1FD0717700C018A2 /* AccountTableViewCell.swift */,
				837D551E1FD0717700C018A2 /* LoginField.swift */,
				837D551F1FD0717700C018A2 /* FolderCell.swift */,
				837D55201FD0717700C018A2 /* LocationCell.swift */,
				837D55211FD0717700C018A2 /* LoginButton.swift */,
				837D55221FD0717700C018A2 /* BaseListCell.swift */,
				837D55231FD0717700C018A2 /* BookmarkViewCell.swift */,
				837D55241FD0717700C018A2 /* MountUserCell.swift */,
				837D55251FD0717700C018A2 /* RenameUtilitiesButton.swift */,
				837D55261FD0717700C018A2 /* URLHashTextField.swift */,
				837D55271FD0717700C018A2 /* AccountCollectionCell.swift */,
			);
			path = Views;
			sourceTree = "<group>";
		};
		837D55291FD0717700C018A2 /* Extensions */ = {
			isa = PBXGroup;
			children = (
				837D552A1FD0717700C018A2 /* UserDefaults+DigiCloud.swift */,
				837D552B1FD0717700C018A2 /* String+DigiCloud.swift */,
				837D552C1FD0717700C018A2 /* Collection+DigiCloud.swift */,
				837D552D1FD0717700C018A2 /* Date+DigiCloud.swift */,
				837D552E1FD0717700C018A2 /* UIFont+DigiCloud.swift */,
				837D552F1FD0717700C018A2 /* UIColor+DigiCloud.swift */,
				837D55301FD0717700C018A2 /* UIViewController+DigiCloud.swift */,
				837D55311FD0717700C018A2 /* FileManager+DigiCloud.swift */,
				837D55321FD0717700C018A2 /* UIView+DigiCloud.swift */,
				837D55331FD0717700C018A2 /* Bundle+DigiCloud.swift */,
			);
			path = Extensions;
			sourceTree = "<group>";
		};
		837D55341FD0717700C018A2 /* Supporting Files */ = {
			isa = PBXGroup;
			children = (
				837D55351FD0717700C018A2 /* Digi Cloud-Bridging-Header.h */,
			);
			path = "Supporting Files";
			sourceTree = "<group>";
		};
		837D55361FD0717700C018A2 /* Protocols */ = {
			isa = PBXGroup;
			children = (
				837D55371FD0717700C018A2 /* Protocols.swift */,
			);
			path = Protocols;
			sourceTree = "<group>";
		};
		837D557B1FD0718700C018A2 /* Digi Cloud UITests */ = {
			isa = PBXGroup;
			children = (
				837D557C1FD0718700C018A2 /* SnapshotHelper.swift */,
				837D557D1FD0718700C018A2 /* DigiCloudUITests.swift */,
			);
			path = "Digi Cloud UITests";
			sourceTree = "<group>";
		};
		837D55851FD0768400C018A2 /* Resources */ = {
			isa = PBXGroup;
			children = (
				837D55861FD0768400C018A2 /* Assets.xcassets */,
				837D55871FD0768400C018A2 /* Languages */,
				837D55931FD0768400C018A2 /* Fonts */,
			);
			path = Resources;
			sourceTree = "<group>";
		};
		837D55871FD0768400C018A2 /* Languages */ = {
			isa = PBXGroup;
			children = (
				837D55881FD0768400C018A2 /* LaunchScreen.strings */,
				837D558A1FD0768400C018A2 /* LaunchScreen.storyboard */,
				837D558F1FD0768400C018A2 /* Localizable.strings */,
				837D55911FD0768400C018A2 /* InfoPlist.strings */,
			);
			path = Languages;
			sourceTree = "<group>";
		};
		837D55931FD0768400C018A2 /* Fonts */ = {
			isa = PBXGroup;
			children = (
				837D55941FD0768400C018A2 /* fontawesome-webfont.ttf */,
			);
			path = Fonts;
			sourceTree = "<group>";
		};
		83FA70971FD06B0F004D654E /* Config */ = {
			isa = PBXGroup;
			children = (
				835982771E680EDC00AA18C9 /* DigiCloud.plist */,
				837D54DD1FD0702A00C018A2 /* DigiCloudUITests.plist */,
			);
			path = Config;
			sourceTree = "<group>";
		};
		EE2BA4C88BDEBF31796F1D84 /* Pods */ = {
			isa = PBXGroup;
			children = (
				AC5DC6EA5177031CE35BC3D8 /* Pods-Digi Cloud.debug.xcconfig */,
				0196F525ED0451A6990CD69A /* Pods-Digi Cloud.debug viewcontrollers.xcconfig */,
				B61E9D01BF3B8EF343FAEEA4 /* Pods-Digi Cloud.debug compile time.xcconfig */,
				4482CB5EC88128FB7C25E95B /* Pods-Digi Cloud.release.xcconfig */,
				B339F5052F54F024A3F8C8E7 /* Pods-Digi Cloud UITests.debug.xcconfig */,
				3C4AD24EEFB2CBD73727BDF9 /* Pods-Digi Cloud UITests.debug viewcontrollers.xcconfig */,
				94FCF6A671256A45CA0D00E4 /* Pods-Digi Cloud UITests.debug compile time.xcconfig */,
				0CE508509239C3D68A9C710B /* Pods-Digi Cloud UITests.release.xcconfig */,
			);
			name = Pods;
			sourceTree = "<group>";
		};
/* End PBXGroup section */

/* Begin PBXNativeTarget section */
		837041111D8B1DED000EDBAE /* Digi Cloud */ = {
			isa = PBXNativeTarget;
			buildConfigurationList = 837041241D8B1DEE000EDBAE /* Build configuration list for PBXNativeTarget "Digi Cloud" */;
			buildPhases = (
				B8759DA6FD004ACF0F4A0AC1 /* [CP] Check Pods Manifest.lock */,
				8370410E1D8B1DED000EDBAE /* Sources */,
				8370410F1D8B1DED000EDBAE /* Frameworks */,
				837041101D8B1DED000EDBAE /* Resources */,
				97B72DAC76AE3828F49A6018 /* [CP] Embed Pods Frameworks */,
				02ED0B6F82909A62849447BB /* [CP] Copy Pods Resources */,
				833CFA851FD0621300E510B7 /* Fabric */,
				837224B01FDD9AD900662C62 /* SwiftLint */,
			);
			buildRules = (
			);
			dependencies = (
			);
			name = "Digi Cloud";
			productName = "Digi Cloud";
			productReference = 837041121D8B1DED000EDBAE /* Digi Cloud.app */;
			productType = "com.apple.product-type.application";
		};
		83F52F351F7CF5BF00E18A09 /* Digi Cloud UITests */ = {
			isa = PBXNativeTarget;
			buildConfigurationList = 83F52F411F7CF5BF00E18A09 /* Build configuration list for PBXNativeTarget "Digi Cloud UITests" */;
			buildPhases = (
				4A0FF040B2B831273905C95D /* [CP] Check Pods Manifest.lock */,
				83F52F321F7CF5BF00E18A09 /* Sources */,
				83F52F331F7CF5BF00E18A09 /* Frameworks */,
				83F52F341F7CF5BF00E18A09 /* Resources */,
				0B0FF79C0839C8539BB981FE /* [CP] Embed Pods Frameworks */,
				496DFAFB3EEE16AB7E5C29CF /* [CP] Copy Pods Resources */,
			);
			buildRules = (
			);
			dependencies = (
				83F52F3C1F7CF5BF00E18A09 /* PBXTargetDependency */,
			);
			name = "Digi Cloud UITests";
			productName = "Digi Cloud UITests";
			productReference = 83F52F361F7CF5BF00E18A09 /* Digi Cloud UITests.xctest */;
			productType = "com.apple.product-type.bundle.ui-testing";
		};
/* End PBXNativeTarget section */

/* Begin PBXProject section */
		8370410A1D8B1DED000EDBAE /* Project object */ = {
			isa = PBXProject;
			attributes = {
				CLASSPREFIX = "";
				LastSwiftUpdateCheck = 0900;
				LastUpgradeCheck = 0900;
				ORGANIZATIONNAME = "Mihai Cristescu";
				TargetAttributes = {
					837041111D8B1DED000EDBAE = {
						CreatedOnToolsVersion = 8.0;
						DevelopmentTeam = S8V3V9GFN2;
						LastSwiftMigration = 0900;
						ProvisioningStyle = Automatic;
					};
					83F52F351F7CF5BF00E18A09 = {
						CreatedOnToolsVersion = 9.0;
						DevelopmentTeam = S8V3V9GFN2;
						ProvisioningStyle = Automatic;
						TestTargetID = 837041111D8B1DED000EDBAE;
					};
				};
			};
			buildConfigurationList = 8370410D1D8B1DED000EDBAE /* Build configuration list for PBXProject "Digi Cloud" */;
			compatibilityVersion = "Xcode 3.2";
			developmentRegion = English;
			hasScannedForEncodings = 0;
			knownRegions = (
				en,
				Base,
				de,
				hu,
				fr,
				ro,
			);
			mainGroup = 837041091D8B1DED000EDBAE;
			productRefGroup = 837041131D8B1DED000EDBAE /* Products */;
			projectDirPath = "";
			projectRoot = "";
			targets = (
				837041111D8B1DED000EDBAE /* Digi Cloud */,
				83F52F351F7CF5BF00E18A09 /* Digi Cloud UITests */,
			);
		};
/* End PBXProject section */

/* Begin PBXResourcesBuildPhase section */
		837041101D8B1DED000EDBAE /* Resources */ = {
			isa = PBXResourcesBuildPhase;
			buildActionMask = 2147483647;
			files = (
				837D559A1FD076AE00C018A2 /* fontawesome-webfont.ttf in Resources */,
				837D55961FD076A700C018A2 /* LaunchScreen.strings in Resources */,
				837D55971FD076A700C018A2 /* LaunchScreen.storyboard in Resources */,
				837D55981FD076A700C018A2 /* Localizable.strings in Resources */,
				837D55991FD076A700C018A2 /* InfoPlist.strings in Resources */,
				837D55951FD0769A00C018A2 /* Assets.xcassets in Resources */,
			);
			runOnlyForDeploymentPostprocessing = 0;
		};
		83F52F341F7CF5BF00E18A09 /* Resources */ = {
			isa = PBXResourcesBuildPhase;
			buildActionMask = 2147483647;
			files = (
			);
			runOnlyForDeploymentPostprocessing = 0;
		};
/* End PBXResourcesBuildPhase section */

/* Begin PBXShellScriptBuildPhase section */
		02ED0B6F82909A62849447BB /* [CP] Copy Pods Resources */ = {
			isa = PBXShellScriptBuildPhase;
			buildActionMask = 2147483647;
			files = (
			);
			inputPaths = (
			);
			name = "[CP] Copy Pods Resources";
			outputPaths = (
			);
			runOnlyForDeploymentPostprocessing = 0;
			shellPath = /bin/sh;
			shellScript = "\"${SRCROOT}/Pods/Target Support Files/Pods-Digi Cloud/Pods-Digi Cloud-resources.sh\"\n";
			showEnvVarsInLog = 0;
		};
		0B0FF79C0839C8539BB981FE /* [CP] Embed Pods Frameworks */ = {
			isa = PBXShellScriptBuildPhase;
			buildActionMask = 2147483647;
			files = (
			);
			inputPaths = (
			);
			name = "[CP] Embed Pods Frameworks";
			outputPaths = (
			);
			runOnlyForDeploymentPostprocessing = 0;
			shellPath = /bin/sh;
			shellScript = "\"${SRCROOT}/Pods/Target Support Files/Pods-Digi Cloud UITests/Pods-Digi Cloud UITests-frameworks.sh\"\n";
			showEnvVarsInLog = 0;
		};
		496DFAFB3EEE16AB7E5C29CF /* [CP] Copy Pods Resources */ = {
			isa = PBXShellScriptBuildPhase;
			buildActionMask = 2147483647;
			files = (
			);
			inputPaths = (
			);
			name = "[CP] Copy Pods Resources";
			outputPaths = (
			);
			runOnlyForDeploymentPostprocessing = 0;
			shellPath = /bin/sh;
			shellScript = "\"${SRCROOT}/Pods/Target Support Files/Pods-Digi Cloud UITests/Pods-Digi Cloud UITests-resources.sh\"\n";
			showEnvVarsInLog = 0;
		};
		4A0FF040B2B831273905C95D /* [CP] Check Pods Manifest.lock */ = {
			isa = PBXShellScriptBuildPhase;
			buildActionMask = 2147483647;
			files = (
			);
			inputPaths = (
				"${PODS_PODFILE_DIR_PATH}/Podfile.lock",
				"${PODS_ROOT}/Manifest.lock",
			);
			name = "[CP] Check Pods Manifest.lock";
			outputPaths = (
				"$(DERIVED_FILE_DIR)/Pods-Digi Cloud UITests-checkManifestLockResult.txt",
			);
			runOnlyForDeploymentPostprocessing = 0;
			shellPath = /bin/sh;
			shellScript = "diff \"${PODS_PODFILE_DIR_PATH}/Podfile.lock\" \"${PODS_ROOT}/Manifest.lock\" > /dev/null\nif [ $? != 0 ] ; then\n    # print error to STDERR\n    echo \"error: The sandbox is not in sync with the Podfile.lock. Run 'pod install' or update your CocoaPods installation.\" >&2\n    exit 1\nfi\n# This output is used by Xcode 'outputs' to avoid re-running this script phase.\necho \"SUCCESS\" > \"${SCRIPT_OUTPUT_FILE_0}\"\n";
			showEnvVarsInLog = 0;
		};
		833CFA851FD0621300E510B7 /* Fabric */ = {
			isa = PBXShellScriptBuildPhase;
			buildActionMask = 2147483647;
			files = (
			);
			inputPaths = (
			);
			name = Fabric;
			outputPaths = (
			);
			runOnlyForDeploymentPostprocessing = 0;
			shellPath = /bin/sh;
			shellScript = "\"${PODS_ROOT}/Fabric/run\" 9ae299de9dd99a73023204eb20b235d7a9cd07c5 5d561537f7aa93ac1a7b70e80e9c8cdfe3035e211617a5e899d8ac3a09a7c05f";
		};
		837224B01FDD9AD900662C62 /* SwiftLint */ = {
			isa = PBXShellScriptBuildPhase;
			buildActionMask = 2147483647;
			files = (
			);
			inputPaths = (
			);
			name = SwiftLint;
			outputPaths = (
			);
			runOnlyForDeploymentPostprocessing = 0;
			shellPath = /bin/sh;
			shellScript = "\"${PODS_ROOT}/SwiftLint/swiftlint\"";
		};
		97B72DAC76AE3828F49A6018 /* [CP] Embed Pods Frameworks */ = {
			isa = PBXShellScriptBuildPhase;
			buildActionMask = 2147483647;
			files = (
			);
			inputPaths = (
			);
			name = "[CP] Embed Pods Frameworks";
			outputPaths = (
			);
			runOnlyForDeploymentPostprocessing = 0;
			shellPath = /bin/sh;
			shellScript = "\"${SRCROOT}/Pods/Target Support Files/Pods-Digi Cloud/Pods-Digi Cloud-frameworks.sh\"\n";
			showEnvVarsInLog = 0;
		};
		B8759DA6FD004ACF0F4A0AC1 /* [CP] Check Pods Manifest.lock */ = {
			isa = PBXShellScriptBuildPhase;
			buildActionMask = 2147483647;
			files = (
			);
			inputPaths = (
				"${PODS_PODFILE_DIR_PATH}/Podfile.lock",
				"${PODS_ROOT}/Manifest.lock",
			);
			name = "[CP] Check Pods Manifest.lock";
			outputPaths = (
				"$(DERIVED_FILE_DIR)/Pods-Digi Cloud-checkManifestLockResult.txt",
			);
			runOnlyForDeploymentPostprocessing = 0;
			shellPath = /bin/sh;
			shellScript = "diff \"${PODS_PODFILE_DIR_PATH}/Podfile.lock\" \"${PODS_ROOT}/Manifest.lock\" > /dev/null\nif [ $? != 0 ] ; then\n    # print error to STDERR\n    echo \"error: The sandbox is not in sync with the Podfile.lock. Run 'pod install' or update your CocoaPods installation.\" >&2\n    exit 1\nfi\n# This output is used by Xcode 'outputs' to avoid re-running this script phase.\necho \"SUCCESS\" > \"${SCRIPT_OUTPUT_FILE_0}\"\n";
			showEnvVarsInLog = 0;
		};
/* End PBXShellScriptBuildPhase section */

/* Begin PBXSourcesBuildPhase section */
		8370410E1D8B1DED000EDBAE /* Sources */ = {
			isa = PBXSourcesBuildPhase;
			buildActionMask = 2147483647;
			files = (
				837D55581FD0717700C018A2 /* AddMountUserViewController.swift in Sources */,
				837D55521FD0717700C018A2 /* LoginViewController.swift in Sources */,
				837D55481FD0717700C018A2 /* UploadLink.swift in Sources */,
				837D555F1FD0717700C018A2 /* FlowController.swift in Sources */,
				837D55511FD0717700C018A2 /* ManageAccountsViewController.swift in Sources */,
				837D555B1FD0717700C018A2 /* CreateFolderViewController.swift in Sources */,
				837D55671FD0717700C018A2 /* LocationCell.swift in Sources */,
				837D55611FD0717700C018A2 /* CustomNavBar.swift in Sources */,
				837D55751FD0717700C018A2 /* UIColor+DigiCloud.swift in Sources */,
				837D55541FD0717700C018A2 /* RenameViewController.swift in Sources */,
				837D555E1FD0717700C018A2 /* ListingViewController.swift in Sources */,
				837D55601FD0717700C018A2 /* FileCell.swift in Sources */,
				837D55391FD0717700C018A2 /* AppSettings.swift in Sources */,
				837D55411FD0717700C018A2 /* Mount.swift in Sources */,
				837D554B1FD0717700C018A2 /* SettingsViewController.swift in Sources */,
				837D55571FD0717700C018A2 /* DeleteViewController.swift in Sources */,
				837D55771FD0717700C018A2 /* FileManager+DigiCloud.swift in Sources */,
				837D55491FD0717700C018A2 /* Node.swift in Sources */,
				837D55561FD0717700C018A2 /* NodeActionsViewController.swift in Sources */,
				837D555C1FD0717700C018A2 /* SortFolderViewController.swift in Sources */,
				837D55781FD0717700C018A2 /* UIView+DigiCloud.swift in Sources */,
				837D556F1FD0717700C018A2 /* MainNavigationController.swift in Sources */,
				837D553A1FD0717700C018A2 /* DigiClient.swift in Sources */,
				837D55461FD0717700C018A2 /* DownloadLink.swift in Sources */,
				837D556B1FD0717700C018A2 /* MountUserCell.swift in Sources */,
				837D554F1FD0717700C018A2 /* ManageBookmarksViewController.swift in Sources */,
				837D55651FD0717700C018A2 /* LoginField.swift in Sources */,
				837D55451FD0717700C018A2 /* NodeHit.swift in Sources */,
				837D554D1FD0717700C018A2 /* ContentViewController.swift in Sources */,
				837D554A1FD0717700C018A2 /* FolderInfo.swift in Sources */,
				837D55471FD0717700C018A2 /* Account.swift in Sources */,
				837D55761FD0717700C018A2 /* UIViewController+DigiCloud.swift in Sources */,
				837D553F1FD0717700C018A2 /* Location.swift in Sources */,
				837D554E1FD0717700C018A2 /* SearchResultController.swift in Sources */,
				837D555A1FD0717700C018A2 /* MoreActionsViewController.swift in Sources */,
				837D553B1FD0717700C018A2 /* Cache.swift in Sources */,
				837D55691FD0717700C018A2 /* BaseListCell.swift in Sources */,
				837D55631FD0717700C018A2 /* UILabelWithPadding.swift in Sources */,
				837D55551FD0717700C018A2 /* FolderInfoViewController.swift in Sources */,
				837D55661FD0717700C018A2 /* FolderCell.swift in Sources */,
				837D55591FD0717700C018A2 /* ShareLinkViewController.swift in Sources */,
				837D55401FD0717700C018A2 /* Permissions.swift in Sources */,
				837D556D1FD0717700C018A2 /* URLHashTextField.swift in Sources */,
				837D55731FD0717700C018A2 /* Date+DigiCloud.swift in Sources */,
				837D55641FD0717700C018A2 /* AccountTableViewCell.swift in Sources */,
				837D55791FD0717700C018A2 /* Bundle+DigiCloud.swift in Sources */,
				837D55681FD0717700C018A2 /* LoginButton.swift in Sources */,
				837D556E1FD0717700C018A2 /* AccountCollectionCell.swift in Sources */,
				837D55621FD0717700C018A2 /* SearchCell.swift in Sources */,
				837D556C1FD0717700C018A2 /* RenameUtilitiesButton.swift in Sources */,
				837D553E1FD0717700C018A2 /* Logging.swift in Sources */,
				837D55741FD0717700C018A2 /* UIFont+DigiCloud.swift in Sources */,
				837D557A1FD0717700C018A2 /* Protocols.swift in Sources */,
				837D55381FD0717700C018A2 /* AppDelegate.swift in Sources */,
				837D55701FD0717700C018A2 /* UserDefaults+DigiCloud.swift in Sources */,
				837D55501FD0717700C018A2 /* AccountSelectionViewController.swift in Sources */,
				837D556A1FD0717700C018A2 /* BookmarkViewCell.swift in Sources */,
				837D555D1FD0717700C018A2 /* LocationsViewController.swift in Sources */,
				837D55531FD0717700C018A2 /* ShareMountViewController.swift in Sources */,
				837D553D1FD0717700C018A2 /* Enums.swift in Sources */,
				837D55441FD0717700C018A2 /* Bookmark.swift in Sources */,
				837D55721FD0717700C018A2 /* Collection+DigiCloud.swift in Sources */,
				837D55431FD0717700C018A2 /* RootMount.swift in Sources */,
				837D55711FD0717700C018A2 /* String+DigiCloud.swift in Sources */,
				837D553C1FD0717700C018A2 /* DigiConstants.swift in Sources */,
				837D55421FD0717700C018A2 /* User.swift in Sources */,
			);
			runOnlyForDeploymentPostprocessing = 0;
		};
		83F52F321F7CF5BF00E18A09 /* Sources */ = {
			isa = PBXSourcesBuildPhase;
			buildActionMask = 2147483647;
			files = (
				837D557F1FD0718700C018A2 /* DigiCloudUITests.swift in Sources */,
				837D557E1FD0718700C018A2 /* SnapshotHelper.swift in Sources */,
			);
			runOnlyForDeploymentPostprocessing = 0;
		};
/* End PBXSourcesBuildPhase section */

/* Begin PBXTargetDependency section */
		83F52F3C1F7CF5BF00E18A09 /* PBXTargetDependency */ = {
			isa = PBXTargetDependency;
			target = 837041111D8B1DED000EDBAE /* Digi Cloud */;
			targetProxy = 83F52F3B1F7CF5BF00E18A09 /* PBXContainerItemProxy */;
		};
/* End PBXTargetDependency section */

/* Begin PBXVariantGroup section */
		837D55881FD0768400C018A2 /* LaunchScreen.strings */ = {
			isa = PBXVariantGroup;
			children = (
				837D55891FD0768400C018A2 /* de */,
				837D558C1FD0768400C018A2 /* hu */,
				837D558D1FD0768400C018A2 /* fr */,
				837D558E1FD0768400C018A2 /* ro */,
			);
			name = LaunchScreen.strings;
			sourceTree = "<group>";
		};
		837D558A1FD0768400C018A2 /* LaunchScreen.storyboard */ = {
			isa = PBXVariantGroup;
			children = (
				837D558B1FD0768400C018A2 /* Base */,
			);
			name = LaunchScreen.storyboard;
			sourceTree = "<group>";
		};
		837D558F1FD0768400C018A2 /* Localizable.strings */ = {
			isa = PBXVariantGroup;
			children = (
				837D55901FD0768400C018A2 /* ro */,
			);
			name = Localizable.strings;
			sourceTree = "<group>";
		};
		837D55911FD0768400C018A2 /* InfoPlist.strings */ = {
			isa = PBXVariantGroup;
			children = (
				837D55921FD0768400C018A2 /* ro */,
			);
			name = InfoPlist.strings;
			sourceTree = "<group>";
		};
/* End PBXVariantGroup section */

/* Begin XCBuildConfiguration section */
		837041221D8B1DEE000EDBAE /* Debug */ = {
			isa = XCBuildConfiguration;
			buildSettings = {
				ALWAYS_SEARCH_USER_PATHS = NO;
				CLANG_ANALYZER_LOCALIZABILITY_NONLOCALIZED = YES;
				CLANG_ANALYZER_NONNULL = YES;
				CLANG_CXX_LANGUAGE_STANDARD = "compiler-default";
				CLANG_CXX_LIBRARY = "compiler-default";
				CLANG_ENABLE_MODULES = YES;
				CLANG_ENABLE_OBJC_ARC = YES;
				CLANG_WARN_BLOCK_CAPTURE_AUTORELEASING = YES;
				CLANG_WARN_BOOL_CONVERSION = YES;
				CLANG_WARN_COMMA = YES;
				CLANG_WARN_CONSTANT_CONVERSION = YES;
				CLANG_WARN_DIRECT_OBJC_ISA_USAGE = YES_ERROR;
				CLANG_WARN_DOCUMENTATION_COMMENTS = YES;
				CLANG_WARN_EMPTY_BODY = YES;
				CLANG_WARN_ENUM_CONVERSION = YES;
				CLANG_WARN_INFINITE_RECURSION = YES;
				CLANG_WARN_INT_CONVERSION = YES;
				CLANG_WARN_NON_LITERAL_NULL_CONVERSION = YES;
				CLANG_WARN_OBJC_LITERAL_CONVERSION = YES;
				CLANG_WARN_OBJC_ROOT_CLASS = YES_ERROR;
				CLANG_WARN_RANGE_LOOP_ANALYSIS = YES;
				CLANG_WARN_STRICT_PROTOTYPES = YES;
				CLANG_WARN_SUSPICIOUS_MOVE = YES;
				CLANG_WARN_SUSPICIOUS_MOVES = YES;
				CLANG_WARN_UNREACHABLE_CODE = YES;
				CLANG_WARN__DUPLICATE_METHOD_MATCH = YES;
				COPY_PHASE_STRIP = NO;
				DEBUG_INFORMATION_FORMAT = dwarf;
				ENABLE_STRICT_OBJC_MSGSEND = YES;
				ENABLE_TESTABILITY = YES;
				GCC_C_LANGUAGE_STANDARD = "compiler-default";
				GCC_DYNAMIC_NO_PIC = NO;
				GCC_NO_COMMON_BLOCKS = YES;
				GCC_OPTIMIZATION_LEVEL = 0;
				GCC_PREPROCESSOR_DEFINITIONS = (
					"DEBUG=1",
					"$(inherited)",
				);
				GCC_WARN_64_TO_32_BIT_CONVERSION = YES;
				GCC_WARN_ABOUT_RETURN_TYPE = YES_ERROR;
				GCC_WARN_UNDECLARED_SELECTOR = YES;
				GCC_WARN_UNINITIALIZED_AUTOS = YES_AGGRESSIVE;
				GCC_WARN_UNUSED_FUNCTION = YES;
				GCC_WARN_UNUSED_VARIABLE = YES;
				IPHONEOS_DEPLOYMENT_TARGET = 9.3;
				MTL_ENABLE_DEBUG_INFO = YES;
				ONLY_ACTIVE_ARCH = YES;
				OTHER_SWIFT_FLAGS = "";
				SDKROOT = iphoneos;
				SWIFT_ACTIVE_COMPILATION_CONDITIONS = DEBUG;
				SWIFT_OPTIMIZATION_LEVEL = "-Onone";
				SWIFT_VERSION = 4.0;
				TARGETED_DEVICE_FAMILY = "1,2";
			};
			name = Debug;
		};
		837041231D8B1DEE000EDBAE /* Release */ = {
			isa = XCBuildConfiguration;
			buildSettings = {
				ALWAYS_SEARCH_USER_PATHS = NO;
				CLANG_ANALYZER_LOCALIZABILITY_NONLOCALIZED = YES;
				CLANG_ANALYZER_NONNULL = YES;
				CLANG_CXX_LANGUAGE_STANDARD = "compiler-default";
				CLANG_CXX_LIBRARY = "compiler-default";
				CLANG_ENABLE_MODULES = YES;
				CLANG_ENABLE_OBJC_ARC = YES;
				CLANG_WARN_BLOCK_CAPTURE_AUTORELEASING = YES;
				CLANG_WARN_BOOL_CONVERSION = YES;
				CLANG_WARN_COMMA = YES;
				CLANG_WARN_CONSTANT_CONVERSION = YES;
				CLANG_WARN_DIRECT_OBJC_ISA_USAGE = YES_ERROR;
				CLANG_WARN_DOCUMENTATION_COMMENTS = YES;
				CLANG_WARN_EMPTY_BODY = YES;
				CLANG_WARN_ENUM_CONVERSION = YES;
				CLANG_WARN_INFINITE_RECURSION = YES;
				CLANG_WARN_INT_CONVERSION = YES;
				CLANG_WARN_NON_LITERAL_NULL_CONVERSION = YES;
				CLANG_WARN_OBJC_LITERAL_CONVERSION = YES;
				CLANG_WARN_OBJC_ROOT_CLASS = YES_ERROR;
				CLANG_WARN_RANGE_LOOP_ANALYSIS = YES;
				CLANG_WARN_STRICT_PROTOTYPES = YES;
				CLANG_WARN_SUSPICIOUS_MOVE = YES;
				CLANG_WARN_SUSPICIOUS_MOVES = YES;
				CLANG_WARN_UNREACHABLE_CODE = YES;
				CLANG_WARN__DUPLICATE_METHOD_MATCH = YES;
				"CODE_SIGN_IDENTITY[sdk=iphoneos*]" = "iPhone Developer";
				"CODE_SIGN_IDENTITY[sdk=iphonesimulator*]" = "iPhone Developer";
				COPY_PHASE_STRIP = NO;
				DEBUG_INFORMATION_FORMAT = "dwarf-with-dsym";
				ENABLE_NS_ASSERTIONS = NO;
				ENABLE_STRICT_OBJC_MSGSEND = YES;
				GCC_C_LANGUAGE_STANDARD = "compiler-default";
				GCC_NO_COMMON_BLOCKS = YES;
				GCC_WARN_64_TO_32_BIT_CONVERSION = YES;
				GCC_WARN_ABOUT_RETURN_TYPE = YES_ERROR;
				GCC_WARN_UNDECLARED_SELECTOR = YES;
				GCC_WARN_UNINITIALIZED_AUTOS = YES_AGGRESSIVE;
				GCC_WARN_UNUSED_FUNCTION = YES;
				GCC_WARN_UNUSED_VARIABLE = YES;
				IPHONEOS_DEPLOYMENT_TARGET = 9.3;
				MTL_ENABLE_DEBUG_INFO = NO;
				SDKROOT = iphoneos;
				SWIFT_OPTIMIZATION_LEVEL = "-Owholemodule";
				SWIFT_VERSION = 4.0;
				TARGETED_DEVICE_FAMILY = "1,2";
				VALIDATE_PRODUCT = YES;
			};
			name = Release;
		};
		837041251D8B1DEE000EDBAE /* Debug */ = {
			isa = XCBuildConfiguration;
			baseConfigurationReference = AC5DC6EA5177031CE35BC3D8 /* Pods-Digi Cloud.debug.xcconfig */;
			buildSettings = {
				ASSETCATALOG_COMPILER_APPICON_NAME = "AppIcon-Dev";
				CLANG_ENABLE_MODULES = YES;
				CODE_SIGN_IDENTITY = "";
				"CODE_SIGN_IDENTITY[sdk=iphoneos*]" = "iPhone Developer";
				"CODE_SIGN_IDENTITY[sdk=iphonesimulator*]" = "";
				COMPILER_INDEX_STORE_ENABLE = YES;
				DEBUG_INFORMATION_FORMAT = "dwarf-with-dsym";
				DEVELOPMENT_TEAM = S8V3V9GFN2;
				INFOPLIST_FILE = "$(SRCROOT)/Config/DigiCloud.plist";
				IPHONEOS_DEPLOYMENT_TARGET = 9.0;
				LD_RUNPATH_SEARCH_PATHS = "$(inherited) @executable_path/Frameworks";
				OTHER_SWIFT_FLAGS = "";
				PRODUCT_BUNDLE_IDENTIFIER = ro.mihaicris.test.dev;
				PRODUCT_NAME = "Digi Cloud";
				PROVISIONING_PROFILE_SPECIFIER = "";
				SWIFT_OBJC_BRIDGING_HEADER = "Digi Cloud/Supporting Files/Digi Cloud-Bridging-Header.h";
				SWIFT_OPTIMIZATION_LEVEL = "-Onone";
				SWIFT_SWIFT3_OBJC_INFERENCE = Default;
				SWIFT_VERSION = 4.0;
				TARGETED_DEVICE_FAMILY = "1,2";
			};
			name = Debug;
		};
		837041261D8B1DEE000EDBAE /* Release */ = {
			isa = XCBuildConfiguration;
			baseConfigurationReference = 4482CB5EC88128FB7C25E95B /* Pods-Digi Cloud.release.xcconfig */;
			buildSettings = {
				ASSETCATALOG_COMPILER_APPICON_NAME = AppIcon;
				CLANG_ENABLE_MODULES = YES;
				CODE_SIGN_IDENTITY = "";
				"CODE_SIGN_IDENTITY[sdk=iphoneos*]" = "iPhone Developer";
				"CODE_SIGN_IDENTITY[sdk=iphonesimulator*]" = "";
				COMPILER_INDEX_STORE_ENABLE = YES;
				DEBUG_INFORMATION_FORMAT = "dwarf-with-dsym";
				DEVELOPMENT_TEAM = S8V3V9GFN2;
				INFOPLIST_FILE = "$(SRCROOT)/Config/DigiCloud.plist";
				IPHONEOS_DEPLOYMENT_TARGET = 9.0;
				LD_RUNPATH_SEARCH_PATHS = "$(inherited) @executable_path/Frameworks";
				PRODUCT_BUNDLE_IDENTIFIER = ro.mihaicris.test;
				PRODUCT_NAME = "Digi Cloud";
				PROVISIONING_PROFILE_SPECIFIER = "";
				SWIFT_OBJC_BRIDGING_HEADER = "Digi Cloud/Supporting Files/Digi Cloud-Bridging-Header.h";
				SWIFT_SWIFT3_OBJC_INFERENCE = Default;
				SWIFT_VERSION = 4.0;
				TARGETED_DEVICE_FAMILY = "1,2";
			};
			name = Release;
		};
		83BC04001E6813DE0057B38E /* Debug Compile Time */ = {
			isa = XCBuildConfiguration;
			buildSettings = {
				ALWAYS_SEARCH_USER_PATHS = NO;
				CLANG_ANALYZER_LOCALIZABILITY_NONLOCALIZED = YES;
				CLANG_ANALYZER_NONNULL = YES;
				CLANG_CXX_LANGUAGE_STANDARD = "compiler-default";
				CLANG_CXX_LIBRARY = "compiler-default";
				CLANG_ENABLE_MODULES = YES;
				CLANG_ENABLE_OBJC_ARC = YES;
				CLANG_WARN_BLOCK_CAPTURE_AUTORELEASING = YES;
				CLANG_WARN_BOOL_CONVERSION = YES;
				CLANG_WARN_COMMA = YES;
				CLANG_WARN_CONSTANT_CONVERSION = YES;
				CLANG_WARN_DIRECT_OBJC_ISA_USAGE = YES_ERROR;
				CLANG_WARN_DOCUMENTATION_COMMENTS = YES;
				CLANG_WARN_EMPTY_BODY = YES;
				CLANG_WARN_ENUM_CONVERSION = YES;
				CLANG_WARN_INFINITE_RECURSION = YES;
				CLANG_WARN_INT_CONVERSION = YES;
				CLANG_WARN_NON_LITERAL_NULL_CONVERSION = YES;
				CLANG_WARN_OBJC_LITERAL_CONVERSION = YES;
				CLANG_WARN_OBJC_ROOT_CLASS = YES_ERROR;
				CLANG_WARN_RANGE_LOOP_ANALYSIS = YES;
				CLANG_WARN_STRICT_PROTOTYPES = YES;
				CLANG_WARN_SUSPICIOUS_MOVE = YES;
				CLANG_WARN_SUSPICIOUS_MOVES = YES;
				CLANG_WARN_UNREACHABLE_CODE = YES;
				CLANG_WARN__DUPLICATE_METHOD_MATCH = YES;
				COPY_PHASE_STRIP = NO;
				DEBUG_INFORMATION_FORMAT = dwarf;
				ENABLE_STRICT_OBJC_MSGSEND = YES;
				ENABLE_TESTABILITY = YES;
				GCC_C_LANGUAGE_STANDARD = "compiler-default";
				GCC_DYNAMIC_NO_PIC = NO;
				GCC_NO_COMMON_BLOCKS = YES;
				GCC_OPTIMIZATION_LEVEL = 0;
				GCC_PREPROCESSOR_DEFINITIONS = (
					"DEBUG=1",
					"$(inherited)",
				);
				GCC_WARN_64_TO_32_BIT_CONVERSION = YES;
				GCC_WARN_ABOUT_RETURN_TYPE = YES_ERROR;
				GCC_WARN_UNDECLARED_SELECTOR = YES;
				GCC_WARN_UNINITIALIZED_AUTOS = YES_AGGRESSIVE;
				GCC_WARN_UNUSED_FUNCTION = YES;
				GCC_WARN_UNUSED_VARIABLE = YES;
				IPHONEOS_DEPLOYMENT_TARGET = 9.3;
				MTL_ENABLE_DEBUG_INFO = YES;
				ONLY_ACTIVE_ARCH = YES;
				OTHER_SWIFT_FLAGS = "-Xfrontend -debug-time-function-bodies";
				SDKROOT = iphoneos;
				SWIFT_ACTIVE_COMPILATION_CONDITIONS = DEBUG;
				SWIFT_OPTIMIZATION_LEVEL = "-Onone";
				SWIFT_VERSION = 4.0;
				TARGETED_DEVICE_FAMILY = "1,2";
			};
			name = "Debug Compile Time";
		};
		83BC04011E6813DE0057B38E /* Debug Compile Time */ = {
			isa = XCBuildConfiguration;
			baseConfigurationReference = B61E9D01BF3B8EF343FAEEA4 /* Pods-Digi Cloud.debug compile time.xcconfig */;
			buildSettings = {
				ASSETCATALOG_COMPILER_APPICON_NAME = "AppIcon-Dev";
				CLANG_ENABLE_MODULES = YES;
				CODE_SIGN_IDENTITY = "";
				"CODE_SIGN_IDENTITY[sdk=iphoneos*]" = "iPhone Developer";
				"CODE_SIGN_IDENTITY[sdk=iphonesimulator*]" = "";
				COMPILER_INDEX_STORE_ENABLE = YES;
				DEBUG_INFORMATION_FORMAT = "dwarf-with-dsym";
				DEVELOPMENT_TEAM = S8V3V9GFN2;
				INFOPLIST_FILE = "$(SRCROOT)/Config/DigiCloud.plist";
				IPHONEOS_DEPLOYMENT_TARGET = 9.0;
				LD_RUNPATH_SEARCH_PATHS = "$(inherited) @executable_path/Frameworks";
				OTHER_SWIFT_FLAGS = "-Xfrontend -debug-time-function-bodies";
				PRODUCT_BUNDLE_IDENTIFIER = ro.mihaicris.test.dev;
				PRODUCT_NAME = "Digi Cloud";
				PROVISIONING_PROFILE_SPECIFIER = "";
				SWIFT_OBJC_BRIDGING_HEADER = "Digi Cloud/Supporting Files/Digi Cloud-Bridging-Header.h";
				SWIFT_OPTIMIZATION_LEVEL = "-Onone";
				SWIFT_SWIFT3_OBJC_INFERENCE = Default;
				SWIFT_VERSION = 4.0;
				TARGETED_DEVICE_FAMILY = "1,2";
			};
			name = "Debug Compile Time";
		};
		83F1FFD41E697B220079F56F /* Debug ViewControllers */ = {
			isa = XCBuildConfiguration;
			buildSettings = {
				ALWAYS_SEARCH_USER_PATHS = NO;
				CLANG_ANALYZER_LOCALIZABILITY_NONLOCALIZED = YES;
				CLANG_ANALYZER_NONNULL = YES;
				CLANG_CXX_LANGUAGE_STANDARD = "compiler-default";
				CLANG_CXX_LIBRARY = "compiler-default";
				CLANG_ENABLE_MODULES = YES;
				CLANG_ENABLE_OBJC_ARC = YES;
				CLANG_WARN_BLOCK_CAPTURE_AUTORELEASING = YES;
				CLANG_WARN_BOOL_CONVERSION = YES;
				CLANG_WARN_COMMA = YES;
				CLANG_WARN_CONSTANT_CONVERSION = YES;
				CLANG_WARN_DIRECT_OBJC_ISA_USAGE = YES_ERROR;
				CLANG_WARN_DOCUMENTATION_COMMENTS = YES;
				CLANG_WARN_EMPTY_BODY = YES;
				CLANG_WARN_ENUM_CONVERSION = YES;
				CLANG_WARN_INFINITE_RECURSION = YES;
				CLANG_WARN_INT_CONVERSION = YES;
				CLANG_WARN_NON_LITERAL_NULL_CONVERSION = YES;
				CLANG_WARN_OBJC_LITERAL_CONVERSION = YES;
				CLANG_WARN_OBJC_ROOT_CLASS = YES_ERROR;
				CLANG_WARN_RANGE_LOOP_ANALYSIS = YES;
				CLANG_WARN_STRICT_PROTOTYPES = YES;
				CLANG_WARN_SUSPICIOUS_MOVE = YES;
				CLANG_WARN_SUSPICIOUS_MOVES = YES;
				CLANG_WARN_UNREACHABLE_CODE = YES;
				CLANG_WARN__DUPLICATE_METHOD_MATCH = YES;
				COPY_PHASE_STRIP = NO;
				DEBUG_INFORMATION_FORMAT = dwarf;
				ENABLE_STRICT_OBJC_MSGSEND = YES;
				ENABLE_TESTABILITY = YES;
				GCC_C_LANGUAGE_STANDARD = "compiler-default";
				GCC_DYNAMIC_NO_PIC = NO;
				GCC_NO_COMMON_BLOCKS = YES;
				GCC_OPTIMIZATION_LEVEL = 0;
				GCC_PREPROCESSOR_DEFINITIONS = (
					"DEBUG=1",
					"$(inherited)",
				);
				GCC_WARN_64_TO_32_BIT_CONVERSION = YES;
				GCC_WARN_ABOUT_RETURN_TYPE = YES_ERROR;
				GCC_WARN_UNDECLARED_SELECTOR = YES;
				GCC_WARN_UNINITIALIZED_AUTOS = YES_AGGRESSIVE;
				GCC_WARN_UNUSED_FUNCTION = YES;
				GCC_WARN_UNUSED_VARIABLE = YES;
				IPHONEOS_DEPLOYMENT_TARGET = 9.3;
				MTL_ENABLE_DEBUG_INFO = YES;
				ONLY_ACTIVE_ARCH = YES;
				OTHER_SWIFT_FLAGS = "";
				SDKROOT = iphoneos;
				SWIFT_ACTIVE_COMPILATION_CONDITIONS = "DEBUG DEBUGCONTROLLERS";
				SWIFT_OPTIMIZATION_LEVEL = "-Onone";
				SWIFT_VERSION = 4.0;
				TARGETED_DEVICE_FAMILY = "1,2";
			};
			name = "Debug ViewControllers";
		};
		83F1FFD51E697B220079F56F /* Debug ViewControllers */ = {
			isa = XCBuildConfiguration;
			baseConfigurationReference = 0196F525ED0451A6990CD69A /* Pods-Digi Cloud.debug viewcontrollers.xcconfig */;
			buildSettings = {
				ASSETCATALOG_COMPILER_APPICON_NAME = "AppIcon-Dev";
				CLANG_ENABLE_MODULES = YES;
				CODE_SIGN_IDENTITY = "";
				"CODE_SIGN_IDENTITY[sdk=iphoneos*]" = "iPhone Developer";
				"CODE_SIGN_IDENTITY[sdk=iphonesimulator*]" = "";
				COMPILER_INDEX_STORE_ENABLE = YES;
				DEBUG_INFORMATION_FORMAT = "dwarf-with-dsym";
				DEVELOPMENT_TEAM = S8V3V9GFN2;
				INFOPLIST_FILE = "$(SRCROOT)/Config/DigiCloud.plist";
				IPHONEOS_DEPLOYMENT_TARGET = 9.0;
				LD_RUNPATH_SEARCH_PATHS = "$(inherited) @executable_path/Frameworks";
				OTHER_SWIFT_FLAGS = "";
				PRODUCT_BUNDLE_IDENTIFIER = ro.mihaicris.test.dev;
				PRODUCT_NAME = "Digi Cloud";
				PROVISIONING_PROFILE_SPECIFIER = "";
				SWIFT_OBJC_BRIDGING_HEADER = "Digi Cloud/Supporting Files/Digi Cloud-Bridging-Header.h";
				SWIFT_OPTIMIZATION_LEVEL = "-Onone";
				SWIFT_SWIFT3_OBJC_INFERENCE = Default;
				SWIFT_VERSION = 4.0;
				TARGETED_DEVICE_FAMILY = "1,2";
			};
			name = "Debug ViewControllers";
		};
		83F52F3D1F7CF5BF00E18A09 /* Debug */ = {
			isa = XCBuildConfiguration;
			baseConfigurationReference = B339F5052F54F024A3F8C8E7 /* Pods-Digi Cloud UITests.debug.xcconfig */;
			buildSettings = {
				ALWAYS_EMBED_SWIFT_STANDARD_LIBRARIES = YES;
				CLANG_ANALYZER_NUMBER_OBJECT_CONVERSION = YES_AGGRESSIVE;
				CLANG_CXX_LANGUAGE_STANDARD = "gnu++14";
				CLANG_CXX_LIBRARY = "libc++";
				CLANG_WARN_UNGUARDED_AVAILABILITY = YES_AGGRESSIVE;
				CODE_SIGN_IDENTITY = "iPhone Developer";
				CODE_SIGN_STYLE = Automatic;
				"DEBUG_INFORMATION_FORMAT[sdk=iphoneos*]" = "dwarf-with-dsym";
				"DEBUG_INFORMATION_FORMAT[sdk=iphonesimulator*]" = dwarf;
				DEVELOPMENT_TEAM = S8V3V9GFN2;
				GCC_C_LANGUAGE_STANDARD = gnu11;
				INFOPLIST_FILE = Config/DigiCloudUITests.plist;
				IPHONEOS_DEPLOYMENT_TARGET = 11.0;
				LD_RUNPATH_SEARCH_PATHS = "$(inherited) @executable_path/Frameworks @loader_path/Frameworks";
				OTHER_SWIFT_FLAGS = "-Onone";
				PRODUCT_BUNDLE_IDENTIFIER = ro.mihaicris.test.dev;
				PRODUCT_NAME = "$(TARGET_NAME)";
				SWIFT_VERSION = 4.0;
				TARGETED_DEVICE_FAMILY = "1,2";
				TEST_TARGET_NAME = "Digi Cloud";
			};
			name = Debug;
		};
		83F52F3E1F7CF5BF00E18A09 /* Debug ViewControllers */ = {
			isa = XCBuildConfiguration;
			baseConfigurationReference = 3C4AD24EEFB2CBD73727BDF9 /* Pods-Digi Cloud UITests.debug viewcontrollers.xcconfig */;
			buildSettings = {
				ALWAYS_EMBED_SWIFT_STANDARD_LIBRARIES = YES;
				CLANG_ANALYZER_NUMBER_OBJECT_CONVERSION = YES_AGGRESSIVE;
				CLANG_CXX_LANGUAGE_STANDARD = "gnu++14";
				CLANG_CXX_LIBRARY = "libc++";
				CLANG_WARN_UNGUARDED_AVAILABILITY = YES_AGGRESSIVE;
				CODE_SIGN_IDENTITY = "iPhone Developer";
				CODE_SIGN_STYLE = Automatic;
				"DEBUG_INFORMATION_FORMAT[sdk=iphoneos*]" = "dwarf-with-dsym";
				"DEBUG_INFORMATION_FORMAT[sdk=iphonesimulator*]" = dwarf;
				DEVELOPMENT_TEAM = S8V3V9GFN2;
				GCC_C_LANGUAGE_STANDARD = gnu11;
				INFOPLIST_FILE = Config/DigiCloudUITests.plist;
				IPHONEOS_DEPLOYMENT_TARGET = 11.0;
				LD_RUNPATH_SEARCH_PATHS = "$(inherited) @executable_path/Frameworks @loader_path/Frameworks";
				OTHER_SWIFT_FLAGS = "-Onone";
				PRODUCT_BUNDLE_IDENTIFIER = ro.mihaicris.test.dev;
				PRODUCT_NAME = "$(TARGET_NAME)";
				SWIFT_VERSION = 4.0;
				TARGETED_DEVICE_FAMILY = "1,2";
				TEST_TARGET_NAME = "Digi Cloud";
			};
			name = "Debug ViewControllers";
		};
		83F52F3F1F7CF5BF00E18A09 /* Debug Compile Time */ = {
			isa = XCBuildConfiguration;
			baseConfigurationReference = 94FCF6A671256A45CA0D00E4 /* Pods-Digi Cloud UITests.debug compile time.xcconfig */;
			buildSettings = {
				ALWAYS_EMBED_SWIFT_STANDARD_LIBRARIES = YES;
				CLANG_ANALYZER_NUMBER_OBJECT_CONVERSION = YES_AGGRESSIVE;
				CLANG_CXX_LANGUAGE_STANDARD = "gnu++14";
				CLANG_CXX_LIBRARY = "libc++";
				CLANG_WARN_UNGUARDED_AVAILABILITY = YES_AGGRESSIVE;
				CODE_SIGN_IDENTITY = "iPhone Developer";
				CODE_SIGN_STYLE = Automatic;
				"DEBUG_INFORMATION_FORMAT[sdk=iphoneos*]" = "dwarf-with-dsym";
				"DEBUG_INFORMATION_FORMAT[sdk=iphonesimulator*]" = dwarf;
				DEVELOPMENT_TEAM = S8V3V9GFN2;
				GCC_C_LANGUAGE_STANDARD = gnu11;
				INFOPLIST_FILE = Config/DigiCloudUITests.plist;
				IPHONEOS_DEPLOYMENT_TARGET = 11.0;
				LD_RUNPATH_SEARCH_PATHS = "$(inherited) @executable_path/Frameworks @loader_path/Frameworks";
				OTHER_SWIFT_FLAGS = "-Onone -Xfrontend -debug-time-function-bodies";
				PRODUCT_BUNDLE_IDENTIFIER = ro.mihaicris.test.dev;
				PRODUCT_NAME = "$(TARGET_NAME)";
				SWIFT_VERSION = 4.0;
				TARGETED_DEVICE_FAMILY = "1,2";
				TEST_TARGET_NAME = "Digi Cloud";
			};
			name = "Debug Compile Time";
		};
		83F52F401F7CF5BF00E18A09 /* Release */ = {
			isa = XCBuildConfiguration;
			baseConfigurationReference = 0CE508509239C3D68A9C710B /* Pods-Digi Cloud UITests.release.xcconfig */;
			buildSettings = {
				ALWAYS_EMBED_SWIFT_STANDARD_LIBRARIES = YES;
				CLANG_ANALYZER_NUMBER_OBJECT_CONVERSION = YES_AGGRESSIVE;
				CLANG_CXX_LANGUAGE_STANDARD = "gnu++14";
				CLANG_CXX_LIBRARY = "libc++";
				CLANG_WARN_UNGUARDED_AVAILABILITY = YES_AGGRESSIVE;
				CODE_SIGN_IDENTITY = "iPhone Developer";
				CODE_SIGN_STYLE = Automatic;
				DEVELOPMENT_TEAM = S8V3V9GFN2;
				GCC_C_LANGUAGE_STANDARD = gnu11;
				INFOPLIST_FILE = Config/DigiCloudUITests.plist;
				IPHONEOS_DEPLOYMENT_TARGET = 11.0;
				LD_RUNPATH_SEARCH_PATHS = "$(inherited) @executable_path/Frameworks @loader_path/Frameworks";
				PRODUCT_BUNDLE_IDENTIFIER = ro.mihaicris.test.dev;
				PRODUCT_NAME = "$(TARGET_NAME)";
				SWIFT_VERSION = 4.0;
				TARGETED_DEVICE_FAMILY = "1,2";
				TEST_TARGET_NAME = "Digi Cloud";
			};
			name = Release;
		};
/* End XCBuildConfiguration section */

/* Begin XCConfigurationList section */
		8370410D1D8B1DED000EDBAE /* Build configuration list for PBXProject "Digi Cloud" */ = {
			isa = XCConfigurationList;
			buildConfigurations = (
				837041221D8B1DEE000EDBAE /* Debug */,
				83F1FFD41E697B220079F56F /* Debug ViewControllers */,
				83BC04001E6813DE0057B38E /* Debug Compile Time */,
				837041231D8B1DEE000EDBAE /* Release */,
			);
			defaultConfigurationIsVisible = 0;
			defaultConfigurationName = Debug;
		};
		837041241D8B1DEE000EDBAE /* Build configuration list for PBXNativeTarget "Digi Cloud" */ = {
			isa = XCConfigurationList;
			buildConfigurations = (
				837041251D8B1DEE000EDBAE /* Debug */,
				83F1FFD51E697B220079F56F /* Debug ViewControllers */,
				83BC04011E6813DE0057B38E /* Debug Compile Time */,
				837041261D8B1DEE000EDBAE /* Release */,
			);
			defaultConfigurationIsVisible = 0;
			defaultConfigurationName = Debug;
		};
		83F52F411F7CF5BF00E18A09 /* Build configuration list for PBXNativeTarget "Digi Cloud UITests" */ = {
			isa = XCConfigurationList;
			buildConfigurations = (
				83F52F3D1F7CF5BF00E18A09 /* Debug */,
				83F52F3E1F7CF5BF00E18A09 /* Debug ViewControllers */,
				83F52F3F1F7CF5BF00E18A09 /* Debug Compile Time */,
				83F52F401F7CF5BF00E18A09 /* Release */,
			);
			defaultConfigurationIsVisible = 0;
			defaultConfigurationName = Debug;
		};
/* End XCConfigurationList section */
	};
	rootObject = 8370410A1D8B1DED000EDBAE /* Project object */;
}
